// !$*UTF8*$!
{
	archiveVersion = 1;
	classes = {
	};
	objectVersion = 46;
	objects = {

/* Begin PBXBuildFile section */
		1C351C315A48406A863E99F1 /* libPods.a in Frameworks */ = {isa = PBXBuildFile; fileRef = 2329DB00268042E9BF6520E4 /* libPods.a */; };
		6817825316253640008A6E4B /* A3SegmentedControl.m in Sources */ = {isa = PBXBuildFile; fileRef = 6817825216253640008A6E4B /* A3SegmentedControl.m */; };
		681A81E7162519AA00521C89 /* A3HomeViewController_iPhone.m in Sources */ = {isa = PBXBuildFile; fileRef = 681A81E6162519AA00521C89 /* A3HomeViewController_iPhone.m */; };
		682EA2D615EB10B000BD6AD4 /* UIKit.framework in Frameworks */ = {isa = PBXBuildFile; fileRef = 682EA2D515EB10B000BD6AD4 /* UIKit.framework */; };
		682EA2D815EB10B000BD6AD4 /* Foundation.framework in Frameworks */ = {isa = PBXBuildFile; fileRef = 682EA2D715EB10B000BD6AD4 /* Foundation.framework */; };
		682EA2DA15EB10B000BD6AD4 /* CoreGraphics.framework in Frameworks */ = {isa = PBXBuildFile; fileRef = 682EA2D915EB10B000BD6AD4 /* CoreGraphics.framework */; };
		682EA2DC15EB10B000BD6AD4 /* CoreData.framework in Frameworks */ = {isa = PBXBuildFile; fileRef = 682EA2DB15EB10B000BD6AD4 /* CoreData.framework */; };
		682EA2E215EB10B000BD6AD4 /* InfoPlist.strings in Resources */ = {isa = PBXBuildFile; fileRef = 682EA2E015EB10B000BD6AD4 /* InfoPlist.strings */; };
		682EA2E415EB10B000BD6AD4 /* main.m in Sources */ = {isa = PBXBuildFile; fileRef = 682EA2E315EB10B000BD6AD4 /* main.m */; };
		682EA2E815EB10B000BD6AD4 /* A3AppDelegate.m in Sources */ = {isa = PBXBuildFile; fileRef = 682EA2E715EB10B000BD6AD4 /* A3AppDelegate.m */; };
		682EA2EB15EB10B000BD6AD4 /* AppBox3.xcdatamodeld in Sources */ = {isa = PBXBuildFile; fileRef = 682EA2E915EB10B000BD6AD4 /* AppBox3.xcdatamodeld */; };
		682EA2F315EB10B000BD6AD4 /* SenTestingKit.framework in Frameworks */ = {isa = PBXBuildFile; fileRef = 682EA2F215EB10B000BD6AD4 /* SenTestingKit.framework */; };
		682EA2F415EB10B000BD6AD4 /* UIKit.framework in Frameworks */ = {isa = PBXBuildFile; fileRef = 682EA2D515EB10B000BD6AD4 /* UIKit.framework */; };
		682EA2F515EB10B000BD6AD4 /* Foundation.framework in Frameworks */ = {isa = PBXBuildFile; fileRef = 682EA2D715EB10B000BD6AD4 /* Foundation.framework */; };
		682EA2F615EB10B000BD6AD4 /* CoreData.framework in Frameworks */ = {isa = PBXBuildFile; fileRef = 682EA2DB15EB10B000BD6AD4 /* CoreData.framework */; };
		682EA2FE15EB10B000BD6AD4 /* InfoPlist.strings in Resources */ = {isa = PBXBuildFile; fileRef = 682EA2FC15EB10B000BD6AD4 /* InfoPlist.strings */; };
		682EA30115EB10B000BD6AD4 /* AppBox3Tests.m in Sources */ = {isa = PBXBuildFile; fileRef = 682EA30015EB10B000BD6AD4 /* AppBox3Tests.m */; };
		683B94E615EB231D00575377 /* app_clock_32.png in Resources */ = {isa = PBXBuildFile; fileRef = 683B94C015EB231C00575377 /* app_clock_32.png */; };
		683B94E715EB231D00575377 /* app_currency_32.png in Resources */ = {isa = PBXBuildFile; fileRef = 683B94C115EB231C00575377 /* app_currency_32.png */; };
		683B94E815EB231D00575377 /* app_diary_32.png in Resources */ = {isa = PBXBuildFile; fileRef = 683B94C215EB231C00575377 /* app_diary_32.png */; };
		683B94E915EB231D00575377 /* app_event_32.png in Resources */ = {isa = PBXBuildFile; fileRef = 683B94C315EB231C00575377 /* app_event_32.png */; };
		683B94EA15EB231D00575377 /* app_loan_32.png in Resources */ = {isa = PBXBuildFile; fileRef = 683B94C415EB231C00575377 /* app_loan_32.png */; };
		683B94EB15EB231D00575377 /* app_pCal_32.png in Resources */ = {isa = PBXBuildFile; fileRef = 683B94C515EB231C00575377 /* app_pCal_32.png */; };
		683B94EC15EB231D00575377 /* app_photo_32.png in Resources */ = {isa = PBXBuildFile; fileRef = 683B94C615EB231C00575377 /* app_photo_32.png */; };
		683B94ED15EB231D00575377 /* app_ruler_32.png in Resources */ = {isa = PBXBuildFile; fileRef = 683B94C715EB231C00575377 /* app_ruler_32.png */; };
		683B94EE15EB231D00575377 /* app_systeminfo_32.png in Resources */ = {isa = PBXBuildFile; fileRef = 683B94C815EB231C00575377 /* app_systeminfo_32.png */; };
		683B94EF15EB231D00575377 /* app_translator_32.png in Resources */ = {isa = PBXBuildFile; fileRef = 683B94C915EB231C00575377 /* app_translator_32.png */; };
		683B94F015EB231D00575377 /* app_unit_32.png in Resources */ = {isa = PBXBuildFile; fileRef = 683B94CA15EB231C00575377 /* app_unit_32.png */; };
		683B94F115EB231D00575377 /* app_wallet_32.png in Resources */ = {isa = PBXBuildFile; fileRef = 683B94CB15EB231C00575377 /* app_wallet_32.png */; };
		683B94F215EB231D00575377 /* green_check_in_circle.png in Resources */ = {isa = PBXBuildFile; fileRef = 683B94CC15EB231D00575377 /* green_check_in_circle.png */; };
		683B94F315EB231D00575377 /* icon_app_settings.png in Resources */ = {isa = PBXBuildFile; fileRef = 683B94CD15EB231D00575377 /* icon_app_settings.png */; };
		683B94F415EB231D00575377 /* icon_bar_settings.png in Resources */ = {isa = PBXBuildFile; fileRef = 683B94CE15EB231D00575377 /* icon_bar_settings.png */; };
		683B94F515EB231D00575377 /* icon_cal_add.png in Resources */ = {isa = PBXBuildFile; fileRef = 683B94CF15EB231D00575377 /* icon_cal_add.png */; };
		683B94F615EB231D00575377 /* icon_cal_goto.png in Resources */ = {isa = PBXBuildFile; fileRef = 683B94D015EB231D00575377 /* icon_cal_goto.png */; };
		683B94F715EB231D00575377 /* icon_leftarrow.png in Resources */ = {isa = PBXBuildFile; fileRef = 683B94D115EB231D00575377 /* icon_leftarrow.png */; };
		683B94F815EB231D00575377 /* icon_rightarrow.png in Resources */ = {isa = PBXBuildFile; fileRef = 683B94D215EB231D00575377 /* icon_rightarrow.png */; };
		683B94F915EB231D00575377 /* icon_sc_cal.png in Resources */ = {isa = PBXBuildFile; fileRef = 683B94D315EB231D00575377 /* icon_sc_cal.png */; };
		683B94FA15EB231D00575377 /* icon_sc_cal_on.png in Resources */ = {isa = PBXBuildFile; fileRef = 683B94D415EB231D00575377 /* icon_sc_cal_on.png */; };
		683B94FB15EB231D00575377 /* icon_sc_calc.png in Resources */ = {isa = PBXBuildFile; fileRef = 683B94D515EB231D00575377 /* icon_sc_calc.png */; };
		683B94FC15EB231D00575377 /* icon_sc_calc_on.png in Resources */ = {isa = PBXBuildFile; fileRef = 683B94D615EB231D00575377 /* icon_sc_calc_on.png */; };
		683B94FD15EB231D00575377 /* icon_sc_flashlight.png in Resources */ = {isa = PBXBuildFile; fileRef = 683B94D715EB231D00575377 /* icon_sc_flashlight.png */; };
		683B94FE15EB231D00575377 /* icon_sc_flashlight_on.png in Resources */ = {isa = PBXBuildFile; fileRef = 683B94D815EB231D00575377 /* icon_sc_flashlight_on.png */; };
		683B94FF15EB231D00575377 /* icon_sc_home.png in Resources */ = {isa = PBXBuildFile; fileRef = 683B94D915EB231D00575377 /* icon_sc_home.png */; };
		683B950015EB231D00575377 /* icon_sc_home_edit_on.png in Resources */ = {isa = PBXBuildFile; fileRef = 683B94DA15EB231D00575377 /* icon_sc_home_edit_on.png */; };
		683B950115EB231D00575377 /* icon_sc_home_on.png in Resources */ = {isa = PBXBuildFile; fileRef = 683B94DB15EB231D00575377 /* icon_sc_home_on.png */; };
		683B950215EB231D00575377 /* icon_sc_info.png in Resources */ = {isa = PBXBuildFile; fileRef = 683B94DC15EB231D00575377 /* icon_sc_info.png */; };
		683B950315EB231D00575377 /* icon_sc_info_on.png in Resources */ = {isa = PBXBuildFile; fileRef = 683B94DD15EB231D00575377 /* icon_sc_info_on.png */; };
		683B950415EB231D00575377 /* icon_sc_magnifier.png in Resources */ = {isa = PBXBuildFile; fileRef = 683B94DE15EB231D00575377 /* icon_sc_magnifier.png */; };
		683B950515EB231D00575377 /* icon_sc_magnifier_on.png in Resources */ = {isa = PBXBuildFile; fileRef = 683B94DF15EB231D00575377 /* icon_sc_magnifier_on.png */; };
		683B950615EB231D00575377 /* icon_sc_mirror.png in Resources */ = {isa = PBXBuildFile; fileRef = 683B94E015EB231D00575377 /* icon_sc_mirror.png */; };
		683B950715EB231D00575377 /* icon_sc_mirror_on.png in Resources */ = {isa = PBXBuildFile; fileRef = 683B94E115EB231D00575377 /* icon_sc_mirror_on.png */; };
		683B950815EB231D00575377 /* icon_sc_search.png in Resources */ = {isa = PBXBuildFile; fileRef = 683B94E215EB231D00575377 /* icon_sc_search.png */; };
		683B950915EB231D00575377 /* icon_sc_search_on.png in Resources */ = {isa = PBXBuildFile; fileRef = 683B94E315EB231D00575377 /* icon_sc_search_on.png */; };
		683B950A15EB231D00575377 /* icon_sc_settings.png in Resources */ = {isa = PBXBuildFile; fileRef = 683B94E415EB231D00575377 /* icon_sc_settings.png */; };
		683B950B15EB231D00575377 /* icon_sc_settings_on.png in Resources */ = {isa = PBXBuildFile; fileRef = 683B94E515EB231D00575377 /* icon_sc_settings_on.png */; };
		683B956515EB233500575377 /* A3iPadBatteryLifeViewController.m in Sources */ = {isa = PBXBuildFile; fileRef = 683B950F15EB233500575377 /* A3iPadBatteryLifeViewController.m */; };
		683B956615EB233500575377 /* A3CalcExpressionView.m in Sources */ = {isa = PBXBuildFile; fileRef = 683B951215EB233500575377 /* A3CalcExpressionView.m */; };
		683B956715EB233500575377 /* A3CalcHistoryViewCell.m in Sources */ = {isa = PBXBuildFile; fileRef = 683B951415EB233500575377 /* A3CalcHistoryViewCell.m */; };
		683B956815EB233500575377 /* A3CalcHistoryViewCellContentsView.xib in Resources */ = {isa = PBXBuildFile; fileRef = 683B951515EB233500575377 /* A3CalcHistoryViewCellContentsView.xib */; };
		683B956915EB233500575377 /* A3CalculatorButton.m in Sources */ = {isa = PBXBuildFile; fileRef = 683B951715EB233500575377 /* A3CalculatorButton.m */; };
		683B956A15EB233500575377 /* A3CalculatorButtonsViewController.m in Sources */ = {isa = PBXBuildFile; fileRef = 683B951915EB233500575377 /* A3CalculatorButtonsViewController.m */; };
		683B956B15EB233500575377 /* A3CalculatorDisplayView.m in Sources */ = {isa = PBXBuildFile; fileRef = 683B951B15EB233500575377 /* A3CalculatorDisplayView.m */; };
		683B956C15EB233500575377 /* A3CalculatorViewController.m in Sources */ = {isa = PBXBuildFile; fileRef = 683B951D15EB233500575377 /* A3CalculatorViewController.m */; };
		683B956D15EB233500575377 /* Calculator_iPad.xib in Resources */ = {isa = PBXBuildFile; fileRef = 683B951E15EB233500575377 /* Calculator_iPad.xib */; };
		683B956E15EB233500575377 /* CalculatorButtonsInFirstPage.xib in Resources */ = {isa = PBXBuildFile; fileRef = 683B951F15EB233500575377 /* CalculatorButtonsInFirstPage.xib */; };
		683B956F15EB233500575377 /* CalculatorButtonsInSecondPage.xib in Resources */ = {isa = PBXBuildFile; fileRef = 683B952015EB233500575377 /* CalculatorButtonsInSecondPage.xib */; };
		683B957015EB233500575377 /* A3CalendarBackgroundView.m in Sources */ = {isa = PBXBuildFile; fileRef = 683B952315EB233500575377 /* A3CalendarBackgroundView.m */; };
		683B957115EB233500575377 /* A3CalendarMonthFrameView.xib in Resources */ = {isa = PBXBuildFile; fileRef = 683B952515EB233500575377 /* A3CalendarMonthFrameView.xib */; };
		683B957215EB233500575377 /* A3CalendarMonthFrameViewController.m in Sources */ = {isa = PBXBuildFile; fileRef = 683B952715EB233500575377 /* A3CalendarMonthFrameViewController.m */; };
		683B957315EB233500575377 /* A3CalendarMonthView.m in Sources */ = {isa = PBXBuildFile; fileRef = 683B952915EB233500575377 /* A3CalendarMonthView.m */; };
		683B957415EB233500575377 /* A3CalendarPreferences.m in Sources */ = {isa = PBXBuildFile; fileRef = 683B952B15EB233500575377 /* A3CalendarPreferences.m */; };
		683B957515EB233500575377 /* A3CalendarViewController.m in Sources */ = {isa = PBXBuildFile; fileRef = 683B952D15EB233500575377 /* A3CalendarViewController.m */; };
		683B957615EB233500575377 /* A3CalendarViewController.xib in Resources */ = {isa = PBXBuildFile; fileRef = 683B952E15EB233500575377 /* A3CalendarViewController.xib */; };
		683B957715EB233500575377 /* A3CalendarWeekContentsView.m in Sources */ = {isa = PBXBuildFile; fileRef = 683B953015EB233500575377 /* A3CalendarWeekContentsView.m */; };
		683B957815EB233500575377 /* A3CalendarWeekCurrentTimeMarkView.m in Sources */ = {isa = PBXBuildFile; fileRef = 683B953215EB233500575377 /* A3CalendarWeekCurrentTimeMarkView.m */; };
		683B957915EB233500575377 /* A3CalendarWeekHeaderView.m in Sources */ = {isa = PBXBuildFile; fileRef = 683B953415EB233500575377 /* A3CalendarWeekHeaderView.m */; };
		683B957A15EB233500575377 /* A3CalendarWeekTodayMarkView.m in Sources */ = {isa = PBXBuildFile; fileRef = 683B953615EB233500575377 /* A3CalendarWeekTodayMarkView.m */; };
		683B957B15EB233500575377 /* A3CalendarWeekView.m in Sources */ = {isa = PBXBuildFile; fileRef = 683B953815EB233500575377 /* A3CalendarWeekView.m */; };
		683B957C15EB233500575377 /* A3CalendarWeekViewController.m in Sources */ = {isa = PBXBuildFile; fileRef = 683B953A15EB233500575377 /* A3CalendarWeekViewController.m */; };
		683B957D15EB233500575377 /* A3CalendarWeekViewController.xib in Resources */ = {isa = PBXBuildFile; fileRef = 683B953B15EB233500575377 /* A3CalendarWeekViewController.xib */; };
		683B957E15EB233500575377 /* CoolButton.m in Sources */ = {isa = PBXBuildFile; fileRef = 683B954215EB233500575377 /* CoolButton.m */; };
		683B957F15EB233500575377 /* DDPageControl.m in Sources */ = {isa = PBXBuildFile; fileRef = 683B954415EB233500575377 /* DDPageControl.m */; };
		683B958015EB233500575377 /* A3BundleDataController.m in Sources */ = {isa = PBXBuildFile; fileRef = 683B954715EB233500575377 /* A3BundleDataController.m */; };
		683B958115EB233500575377 /* AppBox3.sqlite in Resources */ = {isa = PBXBuildFile; fileRef = 683B954815EB233500575377 /* AppBox3.sqlite */; };
		683B958215EB233500575377 /* A3MainViewController_iPad.m in Sources */ = {isa = PBXBuildFile; fileRef = 683B954B15EB233500575377 /* A3MainViewController_iPad.m */; };
		683B958415EB233500575377 /* MenuGroup.m in Sources */ = {isa = PBXBuildFile; fileRef = 683B954F15EB233500575377 /* MenuGroup.m */; };
		683B958515EB233500575377 /* MenuItem.m in Sources */ = {isa = PBXBuildFile; fileRef = 683B955115EB233500575377 /* MenuItem.m */; };
		683B958615EB233500575377 /* A3DatePickerViewController.m in Sources */ = {isa = PBXBuildFile; fileRef = 683B955415EB233500575377 /* A3DatePickerViewController.m */; };
		683B958715EB233500575377 /* A3SearchIPADViewController.m in Sources */ = {isa = PBXBuildFile; fileRef = 683B955715EB233500575377 /* A3SearchIPADViewController.m */; };
		683B958815EB233500575377 /* SearchViewiPad.xib in Resources */ = {isa = PBXBuildFile; fileRef = 683B955815EB233500575377 /* SearchViewiPad.xib */; };
		683B958915EB233500575377 /* A3Utilities.m in Sources */ = {isa = PBXBuildFile; fileRef = 683B955B15EB233500575377 /* A3Utilities.m */; };
		683B958A15EB233500575377 /* A3AppHeaderView.m in Sources */ = {isa = PBXBuildFile; fileRef = 683B955E15EB233500575377 /* A3AppHeaderView.m */; };
		683B958B15EB233500575377 /* A3BlackThickRoundedRectView.m in Sources */ = {isa = PBXBuildFile; fileRef = 683B956015EB233500575377 /* A3BlackThickRoundedRectView.m */; };
		683B958C15EB233500575377 /* A3GrayAppHeaderView.m in Sources */ = {isa = PBXBuildFile; fileRef = 683B956215EB233500575377 /* A3GrayAppHeaderView.m */; };
		683B958D15EB233500575377 /* A3RowSeparatorView.m in Sources */ = {isa = PBXBuildFile; fileRef = 683B956415EB233500575377 /* A3RowSeparatorView.m */; };
		683B959315EB252400575377 /* QuartzCore.framework in Frameworks */ = {isa = PBXBuildFile; fileRef = 683B959215EB252400575377 /* QuartzCore.framework */; };
		685A0A3616242BAB00E94B6B /* MenuView_iPad.xib in Resources */ = {isa = PBXBuildFile; fileRef = 685A0A3516242BAB00E94B6B /* MenuView_iPad.xib */; };
		685A0A3716242BAB00E94B6B /* MenuView_iPad.xib in Resources */ = {isa = PBXBuildFile; fileRef = 685A0A3516242BAB00E94B6B /* MenuView_iPad.xib */; };
		685A0A3D1624376F00E94B6B /* Storyboard.storyboard in Resources */ = {isa = PBXBuildFile; fileRef = 685A0A3C1624376F00E94B6B /* Storyboard.storyboard */; };
		685A0A3E1624376F00E94B6B /* Storyboard.storyboard in Resources */ = {isa = PBXBuildFile; fileRef = 685A0A3C1624376F00E94B6B /* Storyboard.storyboard */; };
		68AFED2F1624E14E00B352AB /* HomeView_iPhone.xib in Resources */ = {isa = PBXBuildFile; fileRef = 68AFED2E1624E14E00B352AB /* HomeView_iPhone.xib */; };
		68AFED4E1624E24D00B352AB /* bg_status_battery.png in Resources */ = {isa = PBXBuildFile; fileRef = 68AFED301624E24D00B352AB /* bg_status_battery.png */; };
		68AFED4F1624E24D00B352AB /* bg_status_battery@2x.png in Resources */ = {isa = PBXBuildFile; fileRef = 68AFED311624E24D00B352AB /* bg_status_battery@2x.png */; };
		68AFED501624E24D00B352AB /* bg_status_memory.png in Resources */ = {isa = PBXBuildFile; fileRef = 68AFED321624E24D00B352AB /* bg_status_memory.png */; };
		68AFED511624E24D00B352AB /* bg_status_memory@2x.png in Resources */ = {isa = PBXBuildFile; fileRef = 68AFED331624E24D00B352AB /* bg_status_memory@2x.png */; };
		68AFED521624E24D00B352AB /* bg_status_storage.png in Resources */ = {isa = PBXBuildFile; fileRef = 68AFED341624E24D00B352AB /* bg_status_storage.png */; };
		68AFED531624E24D00B352AB /* bg_status_storage@2x.png in Resources */ = {isa = PBXBuildFile; fileRef = 68AFED351624E24D00B352AB /* bg_status_storage@2x.png */; };
		68AFED541624E24D00B352AB /* bt_applist.png in Resources */ = {isa = PBXBuildFile; fileRef = 68AFED361624E24D00B352AB /* bt_applist.png */; };
		68AFED551624E24D00B352AB /* bt_applist@2x.png in Resources */ = {isa = PBXBuildFile; fileRef = 68AFED371624E24D00B352AB /* bt_applist@2x.png */; };
		68AFED561624E24D00B352AB /* home_top_bg.png in Resources */ = {isa = PBXBuildFile; fileRef = 68AFED381624E24D00B352AB /* home_top_bg.png */; };
		68AFED571624E24D00B352AB /* home_top_bg@2x.png in Resources */ = {isa = PBXBuildFile; fileRef = 68AFED391624E24D00B352AB /* home_top_bg@2x.png */; };
		68AFED581624E24D00B352AB /* icon_home_calendar.png in Resources */ = {isa = PBXBuildFile; fileRef = 68AFED3A1624E24D00B352AB /* icon_home_calendar.png */; };
		68AFED591624E24D00B352AB /* icon_home_calendar@2x.png in Resources */ = {isa = PBXBuildFile; fileRef = 68AFED3B1624E24D00B352AB /* icon_home_calendar@2x.png */; };
		68AFED5A1624E24D00B352AB /* icon_home_downloader.png in Resources */ = {isa = PBXBuildFile; fileRef = 68AFED3C1624E24D00B352AB /* icon_home_downloader.png */; };
		68AFED5B1624E24D00B352AB /* icon_home_downloader@2x.png in Resources */ = {isa = PBXBuildFile; fileRef = 68AFED3D1624E24D00B352AB /* icon_home_downloader@2x.png */; };
		68AFED5C1624E24D00B352AB /* icon_home_events.png in Resources */ = {isa = PBXBuildFile; fileRef = 68AFED3E1624E24D00B352AB /* icon_home_events.png */; };
		68AFED5D1624E24D00B352AB /* icon_home_events@2x.png in Resources */ = {isa = PBXBuildFile; fileRef = 68AFED3F1624E24D00B352AB /* icon_home_events@2x.png */; };
		68AFED5E1624E24D00B352AB /* icon_home_notes.png in Resources */ = {isa = PBXBuildFile; fileRef = 68AFED401624E24D00B352AB /* icon_home_notes.png */; };
		68AFED5F1624E24D00B352AB /* icon_home_notes@2x.png in Resources */ = {isa = PBXBuildFile; fileRef = 68AFED411624E24D00B352AB /* icon_home_notes@2x.png */; };
		68AFED601624E24D00B352AB /* icon_home_photo.png in Resources */ = {isa = PBXBuildFile; fileRef = 68AFED421624E24D00B352AB /* icon_home_photo.png */; };
		68AFED611624E24D00B352AB /* icon_home_photo@2x.png in Resources */ = {isa = PBXBuildFile; fileRef = 68AFED431624E24D00B352AB /* icon_home_photo@2x.png */; };
		68AFED621624E24D00B352AB /* icon_home_statistics.png in Resources */ = {isa = PBXBuildFile; fileRef = 68AFED441624E24D00B352AB /* icon_home_statistics.png */; };
		68AFED631624E24D00B352AB /* icon_home_statistics@2x.png in Resources */ = {isa = PBXBuildFile; fileRef = 68AFED451624E24D00B352AB /* icon_home_statistics@2x.png */; };
		68AFED641624E24D00B352AB /* icon_home_status.png in Resources */ = {isa = PBXBuildFile; fileRef = 68AFED461624E24D00B352AB /* icon_home_status.png */; };
		68AFED651624E24D00B352AB /* icon_home_status@2x.png in Resources */ = {isa = PBXBuildFile; fileRef = 68AFED471624E24D00B352AB /* icon_home_status@2x.png */; };
		68AFED661624E24D00B352AB /* icon_home_timeline.png in Resources */ = {isa = PBXBuildFile; fileRef = 68AFED481624E24D00B352AB /* icon_home_timeline.png */; };
		68AFED671624E24D00B352AB /* icon_home_timeline@2x.png in Resources */ = {isa = PBXBuildFile; fileRef = 68AFED491624E24D00B352AB /* icon_home_timeline@2x.png */; };
		68AFED681624E24D00B352AB /* icon_home_wallet.png in Resources */ = {isa = PBXBuildFile; fileRef = 68AFED4A1624E24D00B352AB /* icon_home_wallet.png */; };
		68AFED691624E24D00B352AB /* icon_home_wallet@2x.png in Resources */ = {isa = PBXBuildFile; fileRef = 68AFED4B1624E24D00B352AB /* icon_home_wallet@2x.png */; };
		68AFED6A1624E24D00B352AB /* icon_weather_home_sun.png in Resources */ = {isa = PBXBuildFile; fileRef = 68AFED4C1624E24D00B352AB /* icon_weather_home_sun.png */; };
		68AFED6B1624E24D00B352AB /* icon_weather_home_sun@2x.png in Resources */ = {isa = PBXBuildFile; fileRef = 68AFED4D1624E24D00B352AB /* icon_weather_home_sun@2x.png */; };
/* End PBXBuildFile section */

/* Begin PBXContainerItemProxy section */
		682EA2F715EB10B000BD6AD4 /* PBXContainerItemProxy */ = {
			isa = PBXContainerItemProxy;
			containerPortal = 682EA2C815EB10B000BD6AD4 /* Project object */;
			proxyType = 1;
			remoteGlobalIDString = 682EA2D015EB10B000BD6AD4;
			remoteInfo = AppBox3;
		};
/* End PBXContainerItemProxy section */

/* Begin PBXFileReference section */
		2329DB00268042E9BF6520E4 /* libPods.a */ = {isa = PBXFileReference; explicitFileType = archive.ar; includeInIndex = 0; path = libPods.a; sourceTree = BUILT_PRODUCTS_DIR; };
		4145230C773F4D058F9905F5 /* Pods.xcconfig */ = {isa = PBXFileReference; includeInIndex = 1; lastKnownFileType = text.xcconfig; name = Pods.xcconfig; path = Pods/Pods.xcconfig; sourceTree = SOURCE_ROOT; };
		6817825116253640008A6E4B /* A3SegmentedControl.h */ = {isa = PBXFileReference; fileEncoding = 4; lastKnownFileType = sourcecode.c.h; path = A3SegmentedControl.h; sourceTree = "<group>"; };
		6817825216253640008A6E4B /* A3SegmentedControl.m */ = {isa = PBXFileReference; fileEncoding = 4; lastKnownFileType = sourcecode.c.objc; path = A3SegmentedControl.m; sourceTree = "<group>"; };
		681A81E5162519AA00521C89 /* A3HomeViewController_iPhone.h */ = {isa = PBXFileReference; fileEncoding = 4; lastKnownFileType = sourcecode.c.h; path = A3HomeViewController_iPhone.h; sourceTree = "<group>"; };
		681A81E6162519AA00521C89 /* A3HomeViewController_iPhone.m */ = {isa = PBXFileReference; fileEncoding = 4; lastKnownFileType = sourcecode.c.objc; path = A3HomeViewController_iPhone.m; sourceTree = "<group>"; };
		682EA2D115EB10B000BD6AD4 /* AppBox3.app */ = {isa = PBXFileReference; explicitFileType = wrapper.application; includeInIndex = 0; path = AppBox3.app; sourceTree = BUILT_PRODUCTS_DIR; };
		682EA2D515EB10B000BD6AD4 /* UIKit.framework */ = {isa = PBXFileReference; includeInIndex = 1; lastKnownFileType = wrapper.framework; name = UIKit.framework; path = System/Library/Frameworks/UIKit.framework; sourceTree = SDKROOT; };
		682EA2D715EB10B000BD6AD4 /* Foundation.framework */ = {isa = PBXFileReference; includeInIndex = 1; lastKnownFileType = wrapper.framework; name = Foundation.framework; path = System/Library/Frameworks/Foundation.framework; sourceTree = SDKROOT; };
		682EA2D915EB10B000BD6AD4 /* CoreGraphics.framework */ = {isa = PBXFileReference; includeInIndex = 1; lastKnownFileType = wrapper.framework; name = CoreGraphics.framework; path = System/Library/Frameworks/CoreGraphics.framework; sourceTree = SDKROOT; };
		682EA2DB15EB10B000BD6AD4 /* CoreData.framework */ = {isa = PBXFileReference; includeInIndex = 1; lastKnownFileType = wrapper.framework; name = CoreData.framework; path = System/Library/Frameworks/CoreData.framework; sourceTree = SDKROOT; };
		682EA2DF15EB10B000BD6AD4 /* AppBox3-Info.plist */ = {isa = PBXFileReference; lastKnownFileType = text.plist.xml; path = "AppBox3-Info.plist"; sourceTree = "<group>"; };
		682EA2E115EB10B000BD6AD4 /* en */ = {isa = PBXFileReference; lastKnownFileType = text.plist.strings; name = en; path = en.lproj/InfoPlist.strings; sourceTree = "<group>"; };
		682EA2E315EB10B000BD6AD4 /* main.m */ = {isa = PBXFileReference; lastKnownFileType = sourcecode.c.objc; lineEnding = 0; path = main.m; sourceTree = "<group>"; xcLanguageSpecificationIdentifier = xcode.lang.objc; };
		682EA2E515EB10B000BD6AD4 /* AppBox3-Prefix.pch */ = {isa = PBXFileReference; lastKnownFileType = sourcecode.c.h; lineEnding = 0; path = "AppBox3-Prefix.pch"; sourceTree = "<group>"; xcLanguageSpecificationIdentifier = xcode.lang.objc; };
		682EA2E615EB10B000BD6AD4 /* A3AppDelegate.h */ = {isa = PBXFileReference; lastKnownFileType = sourcecode.c.h; lineEnding = 0; path = A3AppDelegate.h; sourceTree = "<group>"; xcLanguageSpecificationIdentifier = xcode.lang.objcpp; };
		682EA2E715EB10B000BD6AD4 /* A3AppDelegate.m */ = {isa = PBXFileReference; lastKnownFileType = sourcecode.c.objc; lineEnding = 0; path = A3AppDelegate.m; sourceTree = "<group>"; xcLanguageSpecificationIdentifier = xcode.lang.objc; };
		682EA2EA15EB10B000BD6AD4 /* AppBox3.xcdatamodel */ = {isa = PBXFileReference; lastKnownFileType = wrapper.xcdatamodel; path = AppBox3.xcdatamodel; sourceTree = "<group>"; };
		682EA2F115EB10B000BD6AD4 /* AppBox3Tests.octest */ = {isa = PBXFileReference; explicitFileType = wrapper.cfbundle; includeInIndex = 0; path = AppBox3Tests.octest; sourceTree = BUILT_PRODUCTS_DIR; };
		682EA2F215EB10B000BD6AD4 /* SenTestingKit.framework */ = {isa = PBXFileReference; lastKnownFileType = wrapper.framework; name = SenTestingKit.framework; path = Library/Frameworks/SenTestingKit.framework; sourceTree = DEVELOPER_DIR; };
		682EA2FB15EB10B000BD6AD4 /* AppBox3Tests-Info.plist */ = {isa = PBXFileReference; lastKnownFileType = text.plist.xml; path = "AppBox3Tests-Info.plist"; sourceTree = "<group>"; };
		682EA2FD15EB10B000BD6AD4 /* en */ = {isa = PBXFileReference; lastKnownFileType = text.plist.strings; name = en; path = en.lproj/InfoPlist.strings; sourceTree = "<group>"; };
		682EA2FF15EB10B000BD6AD4 /* AppBox3Tests.h */ = {isa = PBXFileReference; lastKnownFileType = sourcecode.c.h; lineEnding = 0; path = AppBox3Tests.h; sourceTree = "<group>"; xcLanguageSpecificationIdentifier = xcode.lang.objcpp; };
		682EA30015EB10B000BD6AD4 /* AppBox3Tests.m */ = {isa = PBXFileReference; lastKnownFileType = sourcecode.c.objc; lineEnding = 0; path = AppBox3Tests.m; sourceTree = "<group>"; xcLanguageSpecificationIdentifier = xcode.lang.objc; };
		683B94C015EB231C00575377 /* app_clock_32.png */ = {isa = PBXFileReference; lastKnownFileType = image.png; path = app_clock_32.png; sourceTree = "<group>"; };
		683B94C115EB231C00575377 /* app_currency_32.png */ = {isa = PBXFileReference; lastKnownFileType = image.png; path = app_currency_32.png; sourceTree = "<group>"; };
		683B94C215EB231C00575377 /* app_diary_32.png */ = {isa = PBXFileReference; lastKnownFileType = image.png; path = app_diary_32.png; sourceTree = "<group>"; };
		683B94C315EB231C00575377 /* app_event_32.png */ = {isa = PBXFileReference; lastKnownFileType = image.png; path = app_event_32.png; sourceTree = "<group>"; };
		683B94C415EB231C00575377 /* app_loan_32.png */ = {isa = PBXFileReference; lastKnownFileType = image.png; path = app_loan_32.png; sourceTree = "<group>"; };
		683B94C515EB231C00575377 /* app_pCal_32.png */ = {isa = PBXFileReference; lastKnownFileType = image.png; path = app_pCal_32.png; sourceTree = "<group>"; };
		683B94C615EB231C00575377 /* app_photo_32.png */ = {isa = PBXFileReference; lastKnownFileType = image.png; path = app_photo_32.png; sourceTree = "<group>"; };
		683B94C715EB231C00575377 /* app_ruler_32.png */ = {isa = PBXFileReference; lastKnownFileType = image.png; path = app_ruler_32.png; sourceTree = "<group>"; };
		683B94C815EB231C00575377 /* app_systeminfo_32.png */ = {isa = PBXFileReference; lastKnownFileType = image.png; path = app_systeminfo_32.png; sourceTree = "<group>"; };
		683B94C915EB231C00575377 /* app_translator_32.png */ = {isa = PBXFileReference; lastKnownFileType = image.png; path = app_translator_32.png; sourceTree = "<group>"; };
		683B94CA15EB231C00575377 /* app_unit_32.png */ = {isa = PBXFileReference; lastKnownFileType = image.png; path = app_unit_32.png; sourceTree = "<group>"; };
		683B94CB15EB231C00575377 /* app_wallet_32.png */ = {isa = PBXFileReference; lastKnownFileType = image.png; path = app_wallet_32.png; sourceTree = "<group>"; };
		683B94CC15EB231D00575377 /* green_check_in_circle.png */ = {isa = PBXFileReference; lastKnownFileType = image.png; path = green_check_in_circle.png; sourceTree = "<group>"; };
		683B94CD15EB231D00575377 /* icon_app_settings.png */ = {isa = PBXFileReference; lastKnownFileType = image.png; path = icon_app_settings.png; sourceTree = "<group>"; };
		683B94CE15EB231D00575377 /* icon_bar_settings.png */ = {isa = PBXFileReference; lastKnownFileType = image.png; path = icon_bar_settings.png; sourceTree = "<group>"; };
		683B94CF15EB231D00575377 /* icon_cal_add.png */ = {isa = PBXFileReference; lastKnownFileType = image.png; path = icon_cal_add.png; sourceTree = "<group>"; };
		683B94D015EB231D00575377 /* icon_cal_goto.png */ = {isa = PBXFileReference; lastKnownFileType = image.png; path = icon_cal_goto.png; sourceTree = "<group>"; };
		683B94D115EB231D00575377 /* icon_leftarrow.png */ = {isa = PBXFileReference; lastKnownFileType = image.png; path = icon_leftarrow.png; sourceTree = "<group>"; };
		683B94D215EB231D00575377 /* icon_rightarrow.png */ = {isa = PBXFileReference; lastKnownFileType = image.png; path = icon_rightarrow.png; sourceTree = "<group>"; };
		683B94D315EB231D00575377 /* icon_sc_cal.png */ = {isa = PBXFileReference; lastKnownFileType = image.png; path = icon_sc_cal.png; sourceTree = "<group>"; };
		683B94D415EB231D00575377 /* icon_sc_cal_on.png */ = {isa = PBXFileReference; lastKnownFileType = image.png; path = icon_sc_cal_on.png; sourceTree = "<group>"; };
		683B94D515EB231D00575377 /* icon_sc_calc.png */ = {isa = PBXFileReference; lastKnownFileType = image.png; path = icon_sc_calc.png; sourceTree = "<group>"; };
		683B94D615EB231D00575377 /* icon_sc_calc_on.png */ = {isa = PBXFileReference; lastKnownFileType = image.png; path = icon_sc_calc_on.png; sourceTree = "<group>"; };
		683B94D715EB231D00575377 /* icon_sc_flashlight.png */ = {isa = PBXFileReference; lastKnownFileType = image.png; path = icon_sc_flashlight.png; sourceTree = "<group>"; };
		683B94D815EB231D00575377 /* icon_sc_flashlight_on.png */ = {isa = PBXFileReference; lastKnownFileType = image.png; path = icon_sc_flashlight_on.png; sourceTree = "<group>"; };
		683B94D915EB231D00575377 /* icon_sc_home.png */ = {isa = PBXFileReference; lastKnownFileType = image.png; path = icon_sc_home.png; sourceTree = "<group>"; };
		683B94DA15EB231D00575377 /* icon_sc_home_edit_on.png */ = {isa = PBXFileReference; lastKnownFileType = image.png; path = icon_sc_home_edit_on.png; sourceTree = "<group>"; };
		683B94DB15EB231D00575377 /* icon_sc_home_on.png */ = {isa = PBXFileReference; lastKnownFileType = image.png; path = icon_sc_home_on.png; sourceTree = "<group>"; };
		683B94DC15EB231D00575377 /* icon_sc_info.png */ = {isa = PBXFileReference; lastKnownFileType = image.png; path = icon_sc_info.png; sourceTree = "<group>"; };
		683B94DD15EB231D00575377 /* icon_sc_info_on.png */ = {isa = PBXFileReference; lastKnownFileType = image.png; path = icon_sc_info_on.png; sourceTree = "<group>"; };
		683B94DE15EB231D00575377 /* icon_sc_magnifier.png */ = {isa = PBXFileReference; lastKnownFileType = image.png; path = icon_sc_magnifier.png; sourceTree = "<group>"; };
		683B94DF15EB231D00575377 /* icon_sc_magnifier_on.png */ = {isa = PBXFileReference; lastKnownFileType = image.png; path = icon_sc_magnifier_on.png; sourceTree = "<group>"; };
		683B94E015EB231D00575377 /* icon_sc_mirror.png */ = {isa = PBXFileReference; lastKnownFileType = image.png; path = icon_sc_mirror.png; sourceTree = "<group>"; };
		683B94E115EB231D00575377 /* icon_sc_mirror_on.png */ = {isa = PBXFileReference; lastKnownFileType = image.png; path = icon_sc_mirror_on.png; sourceTree = "<group>"; };
		683B94E215EB231D00575377 /* icon_sc_search.png */ = {isa = PBXFileReference; lastKnownFileType = image.png; path = icon_sc_search.png; sourceTree = "<group>"; };
		683B94E315EB231D00575377 /* icon_sc_search_on.png */ = {isa = PBXFileReference; lastKnownFileType = image.png; path = icon_sc_search_on.png; sourceTree = "<group>"; };
		683B94E415EB231D00575377 /* icon_sc_settings.png */ = {isa = PBXFileReference; lastKnownFileType = image.png; path = icon_sc_settings.png; sourceTree = "<group>"; };
		683B94E515EB231D00575377 /* icon_sc_settings_on.png */ = {isa = PBXFileReference; lastKnownFileType = image.png; path = icon_sc_settings_on.png; sourceTree = "<group>"; };
		683B950E15EB233500575377 /* A3iPadBatteryLifeViewController.h */ = {isa = PBXFileReference; fileEncoding = 4; lastKnownFileType = sourcecode.c.h; lineEnding = 0; path = A3iPadBatteryLifeViewController.h; sourceTree = "<group>"; xcLanguageSpecificationIdentifier = xcode.lang.objcpp; };
		683B950F15EB233500575377 /* A3iPadBatteryLifeViewController.m */ = {isa = PBXFileReference; fileEncoding = 4; lastKnownFileType = sourcecode.c.objc; lineEnding = 0; path = A3iPadBatteryLifeViewController.m; sourceTree = "<group>"; xcLanguageSpecificationIdentifier = xcode.lang.objc; };
		683B951115EB233500575377 /* A3CalcExpressionView.h */ = {isa = PBXFileReference; fileEncoding = 4; lastKnownFileType = sourcecode.c.h; lineEnding = 0; path = A3CalcExpressionView.h; sourceTree = "<group>"; xcLanguageSpecificationIdentifier = xcode.lang.objcpp; };
		683B951215EB233500575377 /* A3CalcExpressionView.m */ = {isa = PBXFileReference; fileEncoding = 4; lastKnownFileType = sourcecode.c.objc; lineEnding = 0; path = A3CalcExpressionView.m; sourceTree = "<group>"; xcLanguageSpecificationIdentifier = xcode.lang.objc; };
		683B951315EB233500575377 /* A3CalcHistoryViewCell.h */ = {isa = PBXFileReference; fileEncoding = 4; lastKnownFileType = sourcecode.c.h; lineEnding = 0; path = A3CalcHistoryViewCell.h; sourceTree = "<group>"; xcLanguageSpecificationIdentifier = xcode.lang.objcpp; };
		683B951415EB233500575377 /* A3CalcHistoryViewCell.m */ = {isa = PBXFileReference; fileEncoding = 4; lastKnownFileType = sourcecode.c.objc; lineEnding = 0; path = A3CalcHistoryViewCell.m; sourceTree = "<group>"; xcLanguageSpecificationIdentifier = xcode.lang.objc; };
		683B951515EB233500575377 /* A3CalcHistoryViewCellContentsView.xib */ = {isa = PBXFileReference; fileEncoding = 4; lastKnownFileType = file.xib; path = A3CalcHistoryViewCellContentsView.xib; sourceTree = "<group>"; };
		683B951615EB233500575377 /* A3CalculatorButton.h */ = {isa = PBXFileReference; fileEncoding = 4; lastKnownFileType = sourcecode.c.h; lineEnding = 0; path = A3CalculatorButton.h; sourceTree = "<group>"; xcLanguageSpecificationIdentifier = xcode.lang.objcpp; };
		683B951715EB233500575377 /* A3CalculatorButton.m */ = {isa = PBXFileReference; fileEncoding = 4; lastKnownFileType = sourcecode.c.objc; lineEnding = 0; path = A3CalculatorButton.m; sourceTree = "<group>"; xcLanguageSpecificationIdentifier = xcode.lang.objc; };
		683B951815EB233500575377 /* A3CalculatorButtonsViewController.h */ = {isa = PBXFileReference; fileEncoding = 4; lastKnownFileType = sourcecode.c.h; lineEnding = 0; path = A3CalculatorButtonsViewController.h; sourceTree = "<group>"; xcLanguageSpecificationIdentifier = xcode.lang.objcpp; };
		683B951915EB233500575377 /* A3CalculatorButtonsViewController.m */ = {isa = PBXFileReference; fileEncoding = 4; lastKnownFileType = sourcecode.c.objc; lineEnding = 0; path = A3CalculatorButtonsViewController.m; sourceTree = "<group>"; xcLanguageSpecificationIdentifier = xcode.lang.objc; };
		683B951A15EB233500575377 /* A3CalculatorDisplayView.h */ = {isa = PBXFileReference; fileEncoding = 4; lastKnownFileType = sourcecode.c.h; lineEnding = 0; path = A3CalculatorDisplayView.h; sourceTree = "<group>"; xcLanguageSpecificationIdentifier = xcode.lang.objcpp; };
		683B951B15EB233500575377 /* A3CalculatorDisplayView.m */ = {isa = PBXFileReference; fileEncoding = 4; lastKnownFileType = sourcecode.c.objc; lineEnding = 0; path = A3CalculatorDisplayView.m; sourceTree = "<group>"; xcLanguageSpecificationIdentifier = xcode.lang.objc; };
		683B951C15EB233500575377 /* A3CalculatorViewController.h */ = {isa = PBXFileReference; fileEncoding = 4; lastKnownFileType = sourcecode.c.h; lineEnding = 0; path = A3CalculatorViewController.h; sourceTree = "<group>"; xcLanguageSpecificationIdentifier = xcode.lang.objcpp; };
		683B951D15EB233500575377 /* A3CalculatorViewController.m */ = {isa = PBXFileReference; fileEncoding = 4; lastKnownFileType = sourcecode.c.objc; lineEnding = 0; path = A3CalculatorViewController.m; sourceTree = "<group>"; xcLanguageSpecificationIdentifier = xcode.lang.objc; };
		683B951E15EB233500575377 /* Calculator_iPad.xib */ = {isa = PBXFileReference; fileEncoding = 4; lastKnownFileType = file.xib; path = Calculator_iPad.xib; sourceTree = "<group>"; };
		683B951F15EB233500575377 /* CalculatorButtonsInFirstPage.xib */ = {isa = PBXFileReference; fileEncoding = 4; lastKnownFileType = file.xib; path = CalculatorButtonsInFirstPage.xib; sourceTree = "<group>"; };
		683B952015EB233500575377 /* CalculatorButtonsInSecondPage.xib */ = {isa = PBXFileReference; fileEncoding = 4; lastKnownFileType = file.xib; path = CalculatorButtonsInSecondPage.xib; sourceTree = "<group>"; };
		683B952215EB233500575377 /* A3CalendarBackgroundView.h */ = {isa = PBXFileReference; fileEncoding = 4; lastKnownFileType = sourcecode.c.h; lineEnding = 0; path = A3CalendarBackgroundView.h; sourceTree = "<group>"; xcLanguageSpecificationIdentifier = xcode.lang.objcpp; };
		683B952315EB233500575377 /* A3CalendarBackgroundView.m */ = {isa = PBXFileReference; fileEncoding = 4; lastKnownFileType = sourcecode.c.objc; lineEnding = 0; path = A3CalendarBackgroundView.m; sourceTree = "<group>"; xcLanguageSpecificationIdentifier = xcode.lang.objc; };
		683B952415EB233500575377 /* A3CalendarContentsViewCommand.h */ = {isa = PBXFileReference; fileEncoding = 4; lastKnownFileType = sourcecode.c.h; lineEnding = 0; path = A3CalendarContentsViewCommand.h; sourceTree = "<group>"; xcLanguageSpecificationIdentifier = xcode.lang.objcpp; };
		683B952515EB233500575377 /* A3CalendarMonthFrameView.xib */ = {isa = PBXFileReference; fileEncoding = 4; lastKnownFileType = file.xib; path = A3CalendarMonthFrameView.xib; sourceTree = "<group>"; };
		683B952615EB233500575377 /* A3CalendarMonthFrameViewController.h */ = {isa = PBXFileReference; fileEncoding = 4; lastKnownFileType = sourcecode.c.h; lineEnding = 0; path = A3CalendarMonthFrameViewController.h; sourceTree = "<group>"; xcLanguageSpecificationIdentifier = xcode.lang.objcpp; };
		683B952715EB233500575377 /* A3CalendarMonthFrameViewController.m */ = {isa = PBXFileReference; fileEncoding = 4; lastKnownFileType = sourcecode.c.objc; lineEnding = 0; path = A3CalendarMonthFrameViewController.m; sourceTree = "<group>"; xcLanguageSpecificationIdentifier = xcode.lang.objc; };
		683B952815EB233500575377 /* A3CalendarMonthView.h */ = {isa = PBXFileReference; fileEncoding = 4; lastKnownFileType = sourcecode.c.h; lineEnding = 0; path = A3CalendarMonthView.h; sourceTree = "<group>"; xcLanguageSpecificationIdentifier = xcode.lang.objcpp; };
		683B952915EB233500575377 /* A3CalendarMonthView.m */ = {isa = PBXFileReference; fileEncoding = 4; lastKnownFileType = sourcecode.c.objc; lineEnding = 0; path = A3CalendarMonthView.m; sourceTree = "<group>"; xcLanguageSpecificationIdentifier = xcode.lang.objc; };
		683B952A15EB233500575377 /* A3CalendarPreferences.h */ = {isa = PBXFileReference; fileEncoding = 4; lastKnownFileType = sourcecode.c.h; lineEnding = 0; path = A3CalendarPreferences.h; sourceTree = "<group>"; xcLanguageSpecificationIdentifier = xcode.lang.objcpp; };
		683B952B15EB233500575377 /* A3CalendarPreferences.m */ = {isa = PBXFileReference; fileEncoding = 4; lastKnownFileType = sourcecode.c.objc; lineEnding = 0; path = A3CalendarPreferences.m; sourceTree = "<group>"; xcLanguageSpecificationIdentifier = xcode.lang.objc; };
		683B952C15EB233500575377 /* A3CalendarViewController.h */ = {isa = PBXFileReference; fileEncoding = 4; lastKnownFileType = sourcecode.c.h; lineEnding = 0; path = A3CalendarViewController.h; sourceTree = "<group>"; xcLanguageSpecificationIdentifier = xcode.lang.objcpp; };
		683B952D15EB233500575377 /* A3CalendarViewController.m */ = {isa = PBXFileReference; fileEncoding = 4; lastKnownFileType = sourcecode.c.objc; lineEnding = 0; path = A3CalendarViewController.m; sourceTree = "<group>"; xcLanguageSpecificationIdentifier = xcode.lang.objc; };
		683B952E15EB233500575377 /* A3CalendarViewController.xib */ = {isa = PBXFileReference; fileEncoding = 4; lastKnownFileType = file.xib; path = A3CalendarViewController.xib; sourceTree = "<group>"; };
		683B952F15EB233500575377 /* A3CalendarWeekContentsView.h */ = {isa = PBXFileReference; fileEncoding = 4; lastKnownFileType = sourcecode.c.h; lineEnding = 0; path = A3CalendarWeekContentsView.h; sourceTree = "<group>"; xcLanguageSpecificationIdentifier = xcode.lang.objcpp; };
		683B953015EB233500575377 /* A3CalendarWeekContentsView.m */ = {isa = PBXFileReference; fileEncoding = 4; lastKnownFileType = sourcecode.c.objc; lineEnding = 0; path = A3CalendarWeekContentsView.m; sourceTree = "<group>"; xcLanguageSpecificationIdentifier = xcode.lang.objc; };
		683B953115EB233500575377 /* A3CalendarWeekCurrentTimeMarkView.h */ = {isa = PBXFileReference; fileEncoding = 4; lastKnownFileType = sourcecode.c.h; lineEnding = 0; path = A3CalendarWeekCurrentTimeMarkView.h; sourceTree = "<group>"; xcLanguageSpecificationIdentifier = xcode.lang.objcpp; };
		683B953215EB233500575377 /* A3CalendarWeekCurrentTimeMarkView.m */ = {isa = PBXFileReference; fileEncoding = 4; lastKnownFileType = sourcecode.c.objc; lineEnding = 0; path = A3CalendarWeekCurrentTimeMarkView.m; sourceTree = "<group>"; xcLanguageSpecificationIdentifier = xcode.lang.objc; };
		683B953315EB233500575377 /* A3CalendarWeekHeaderView.h */ = {isa = PBXFileReference; fileEncoding = 4; lastKnownFileType = sourcecode.c.h; lineEnding = 0; path = A3CalendarWeekHeaderView.h; sourceTree = "<group>"; xcLanguageSpecificationIdentifier = xcode.lang.objcpp; };
		683B953415EB233500575377 /* A3CalendarWeekHeaderView.m */ = {isa = PBXFileReference; fileEncoding = 4; lastKnownFileType = sourcecode.c.objc; lineEnding = 0; path = A3CalendarWeekHeaderView.m; sourceTree = "<group>"; xcLanguageSpecificationIdentifier = xcode.lang.objc; };
		683B953515EB233500575377 /* A3CalendarWeekTodayMarkView.h */ = {isa = PBXFileReference; fileEncoding = 4; lastKnownFileType = sourcecode.c.h; lineEnding = 0; path = A3CalendarWeekTodayMarkView.h; sourceTree = "<group>"; xcLanguageSpecificationIdentifier = xcode.lang.objcpp; };
		683B953615EB233500575377 /* A3CalendarWeekTodayMarkView.m */ = {isa = PBXFileReference; fileEncoding = 4; lastKnownFileType = sourcecode.c.objc; lineEnding = 0; path = A3CalendarWeekTodayMarkView.m; sourceTree = "<group>"; xcLanguageSpecificationIdentifier = xcode.lang.objc; };
		683B953715EB233500575377 /* A3CalendarWeekView.h */ = {isa = PBXFileReference; fileEncoding = 4; lastKnownFileType = sourcecode.c.h; lineEnding = 0; path = A3CalendarWeekView.h; sourceTree = "<group>"; xcLanguageSpecificationIdentifier = xcode.lang.objcpp; };
		683B953815EB233500575377 /* A3CalendarWeekView.m */ = {isa = PBXFileReference; fileEncoding = 4; lastKnownFileType = sourcecode.c.objc; lineEnding = 0; path = A3CalendarWeekView.m; sourceTree = "<group>"; xcLanguageSpecificationIdentifier = xcode.lang.objc; };
		683B953915EB233500575377 /* A3CalendarWeekViewController.h */ = {isa = PBXFileReference; fileEncoding = 4; lastKnownFileType = sourcecode.c.h; lineEnding = 0; path = A3CalendarWeekViewController.h; sourceTree = "<group>"; xcLanguageSpecificationIdentifier = xcode.lang.objcpp; };
		683B953A15EB233500575377 /* A3CalendarWeekViewController.m */ = {isa = PBXFileReference; fileEncoding = 4; lastKnownFileType = sourcecode.c.objc; lineEnding = 0; path = A3CalendarWeekViewController.m; sourceTree = "<group>"; xcLanguageSpecificationIdentifier = xcode.lang.objc; };
		683B953B15EB233500575377 /* A3CalendarWeekViewController.xib */ = {isa = PBXFileReference; fileEncoding = 4; lastKnownFileType = file.xib; path = A3CalendarWeekViewController.xib; sourceTree = "<group>"; };
		683B953C15EB233500575377 /* A3CalendarWeekViewMetrics.h */ = {isa = PBXFileReference; fileEncoding = 4; lastKnownFileType = sourcecode.c.h; lineEnding = 0; path = A3CalendarWeekViewMetrics.h; sourceTree = "<group>"; xcLanguageSpecificationIdentifier = xcode.lang.objcpp; };
		683B953E15EB233500575377 /* common.h */ = {isa = PBXFileReference; fileEncoding = 4; lastKnownFileType = sourcecode.c.h; lineEnding = 0; path = common.h; sourceTree = "<group>"; xcLanguageSpecificationIdentifier = xcode.lang.objcpp; };
		683B953F15EB233500575377 /* CommonUIDefinitions.h */ = {isa = PBXFileReference; fileEncoding = 4; lastKnownFileType = sourcecode.c.h; lineEnding = 0; path = CommonUIDefinitions.h; sourceTree = "<group>"; xcLanguageSpecificationIdentifier = xcode.lang.objcpp; };
		683B954115EB233500575377 /* CoolButton.h */ = {isa = PBXFileReference; fileEncoding = 4; lastKnownFileType = sourcecode.c.h; path = CoolButton.h; sourceTree = "<group>"; };
		683B954215EB233500575377 /* CoolButton.m */ = {isa = PBXFileReference; fileEncoding = 4; lastKnownFileType = sourcecode.c.objc; path = CoolButton.m; sourceTree = "<group>"; };
		683B954315EB233500575377 /* DDPageControl.h */ = {isa = PBXFileReference; fileEncoding = 4; lastKnownFileType = sourcecode.c.h; path = DDPageControl.h; sourceTree = "<group>"; };
		683B954415EB233500575377 /* DDPageControl.m */ = {isa = PBXFileReference; fileEncoding = 4; lastKnownFileType = sourcecode.c.objc; path = DDPageControl.m; sourceTree = "<group>"; };
		683B954615EB233500575377 /* A3BundleDataController.h */ = {isa = PBXFileReference; fileEncoding = 4; lastKnownFileType = sourcecode.c.h; path = A3BundleDataController.h; sourceTree = "<group>"; };
		683B954715EB233500575377 /* A3BundleDataController.m */ = {isa = PBXFileReference; fileEncoding = 4; lastKnownFileType = sourcecode.c.objc; lineEnding = 0; path = A3BundleDataController.m; sourceTree = "<group>"; xcLanguageSpecificationIdentifier = xcode.lang.objc; };
		683B954815EB233500575377 /* AppBox3.sqlite */ = {isa = PBXFileReference; lastKnownFileType = file; path = AppBox3.sqlite; sourceTree = "<group>"; };
		683B954A15EB233500575377 /* A3MainViewController_iPad.h */ = {isa = PBXFileReference; fileEncoding = 4; lastKnownFileType = sourcecode.c.h; lineEnding = 0; path = A3MainViewController_iPad.h; sourceTree = "<group>"; xcLanguageSpecificationIdentifier = xcode.lang.objcpp; };
		683B954B15EB233500575377 /* A3MainViewController_iPad.m */ = {isa = PBXFileReference; fileEncoding = 4; lastKnownFileType = sourcecode.c.objc; lineEnding = 0; path = A3MainViewController_iPad.m; sourceTree = "<group>"; xcLanguageSpecificationIdentifier = xcode.lang.objc; };
		683B954E15EB233500575377 /* MenuGroup.h */ = {isa = PBXFileReference; fileEncoding = 4; lastKnownFileType = sourcecode.c.h; path = MenuGroup.h; sourceTree = "<group>"; };
		683B954F15EB233500575377 /* MenuGroup.m */ = {isa = PBXFileReference; fileEncoding = 4; lastKnownFileType = sourcecode.c.objc; path = MenuGroup.m; sourceTree = "<group>"; };
		683B955015EB233500575377 /* MenuItem.h */ = {isa = PBXFileReference; fileEncoding = 4; lastKnownFileType = sourcecode.c.h; path = MenuItem.h; sourceTree = "<group>"; };
		683B955115EB233500575377 /* MenuItem.m */ = {isa = PBXFileReference; fileEncoding = 4; lastKnownFileType = sourcecode.c.objc; path = MenuItem.m; sourceTree = "<group>"; };
		683B955315EB233500575377 /* A3DatePickerViewController.h */ = {isa = PBXFileReference; fileEncoding = 4; lastKnownFileType = sourcecode.c.h; lineEnding = 0; path = A3DatePickerViewController.h; sourceTree = "<group>"; xcLanguageSpecificationIdentifier = xcode.lang.objcpp; };
		683B955415EB233500575377 /* A3DatePickerViewController.m */ = {isa = PBXFileReference; fileEncoding = 4; lastKnownFileType = sourcecode.c.objc; lineEnding = 0; path = A3DatePickerViewController.m; sourceTree = "<group>"; xcLanguageSpecificationIdentifier = xcode.lang.objc; };
		683B955615EB233500575377 /* A3SearchIPADViewController.h */ = {isa = PBXFileReference; fileEncoding = 4; lastKnownFileType = sourcecode.c.h; lineEnding = 0; path = A3SearchIPADViewController.h; sourceTree = "<group>"; xcLanguageSpecificationIdentifier = xcode.lang.objcpp; };
		683B955715EB233500575377 /* A3SearchIPADViewController.m */ = {isa = PBXFileReference; fileEncoding = 4; lastKnownFileType = sourcecode.c.objc; lineEnding = 0; path = A3SearchIPADViewController.m; sourceTree = "<group>"; xcLanguageSpecificationIdentifier = xcode.lang.objc; };
		683B955815EB233500575377 /* SearchViewiPad.xib */ = {isa = PBXFileReference; fileEncoding = 4; lastKnownFileType = file.xib; path = SearchViewiPad.xib; sourceTree = "<group>"; };
		683B955A15EB233500575377 /* A3Utilities.h */ = {isa = PBXFileReference; fileEncoding = 4; lastKnownFileType = sourcecode.c.h; lineEnding = 0; path = A3Utilities.h; sourceTree = "<group>"; xcLanguageSpecificationIdentifier = xcode.lang.objcpp; };
		683B955B15EB233500575377 /* A3Utilities.m */ = {isa = PBXFileReference; fileEncoding = 4; lastKnownFileType = sourcecode.c.objc; lineEnding = 0; path = A3Utilities.m; sourceTree = "<group>"; xcLanguageSpecificationIdentifier = xcode.lang.objc; };
		683B955D15EB233500575377 /* A3AppHeaderView.h */ = {isa = PBXFileReference; fileEncoding = 4; lastKnownFileType = sourcecode.c.h; lineEnding = 0; path = A3AppHeaderView.h; sourceTree = "<group>"; xcLanguageSpecificationIdentifier = xcode.lang.objcpp; };
		683B955E15EB233500575377 /* A3AppHeaderView.m */ = {isa = PBXFileReference; fileEncoding = 4; lastKnownFileType = sourcecode.c.objc; lineEnding = 0; path = A3AppHeaderView.m; sourceTree = "<group>"; xcLanguageSpecificationIdentifier = xcode.lang.objc; };
		683B955F15EB233500575377 /* A3BlackThickRoundedRectView.h */ = {isa = PBXFileReference; fileEncoding = 4; lastKnownFileType = sourcecode.c.h; lineEnding = 0; path = A3BlackThickRoundedRectView.h; sourceTree = "<group>"; xcLanguageSpecificationIdentifier = xcode.lang.objcpp; };
		683B956015EB233500575377 /* A3BlackThickRoundedRectView.m */ = {isa = PBXFileReference; fileEncoding = 4; lastKnownFileType = sourcecode.c.objc; lineEnding = 0; path = A3BlackThickRoundedRectView.m; sourceTree = "<group>"; xcLanguageSpecificationIdentifier = xcode.lang.objc; };
		683B956115EB233500575377 /* A3GrayAppHeaderView.h */ = {isa = PBXFileReference; fileEncoding = 4; lastKnownFileType = sourcecode.c.h; lineEnding = 0; path = A3GrayAppHeaderView.h; sourceTree = "<group>"; xcLanguageSpecificationIdentifier = xcode.lang.objcpp; };
		683B956215EB233500575377 /* A3GrayAppHeaderView.m */ = {isa = PBXFileReference; fileEncoding = 4; lastKnownFileType = sourcecode.c.objc; lineEnding = 0; path = A3GrayAppHeaderView.m; sourceTree = "<group>"; xcLanguageSpecificationIdentifier = xcode.lang.objc; };
		683B956315EB233500575377 /* A3RowSeparatorView.h */ = {isa = PBXFileReference; fileEncoding = 4; lastKnownFileType = sourcecode.c.h; lineEnding = 0; path = A3RowSeparatorView.h; sourceTree = "<group>"; xcLanguageSpecificationIdentifier = xcode.lang.objcpp; };
		683B956415EB233500575377 /* A3RowSeparatorView.m */ = {isa = PBXFileReference; fileEncoding = 4; lastKnownFileType = sourcecode.c.objc; lineEnding = 0; path = A3RowSeparatorView.m; sourceTree = "<group>"; xcLanguageSpecificationIdentifier = xcode.lang.objc; };
		683B959215EB252400575377 /* QuartzCore.framework */ = {isa = PBXFileReference; lastKnownFileType = wrapper.framework; name = QuartzCore.framework; path = System/Library/Frameworks/QuartzCore.framework; sourceTree = SDKROOT; };
		685A0A3516242BAB00E94B6B /* MenuView_iPad.xib */ = {isa = PBXFileReference; fileEncoding = 4; lastKnownFileType = file.xib; path = MenuView_iPad.xib; sourceTree = "<group>"; };
		685A0A3C1624376F00E94B6B /* Storyboard.storyboard */ = {isa = PBXFileReference; fileEncoding = 4; lastKnownFileType = file.storyboard; name = Storyboard.storyboard; path = AppBox3/Storyboard.storyboard; sourceTree = "<group>"; };
		68AFED2E1624E14E00B352AB /* HomeView_iPhone.xib */ = {isa = PBXFileReference; fileEncoding = 4; lastKnownFileType = file.xib; path = HomeView_iPhone.xib; sourceTree = "<group>"; };
		68AFED301624E24D00B352AB /* bg_status_battery.png */ = {isa = PBXFileReference; lastKnownFileType = image.png; path = bg_status_battery.png; sourceTree = "<group>"; };
		68AFED311624E24D00B352AB /* bg_status_battery@2x.png */ = {isa = PBXFileReference; lastKnownFileType = image.png; path = "bg_status_battery@2x.png"; sourceTree = "<group>"; };
		68AFED321624E24D00B352AB /* bg_status_memory.png */ = {isa = PBXFileReference; lastKnownFileType = image.png; path = bg_status_memory.png; sourceTree = "<group>"; };
		68AFED331624E24D00B352AB /* bg_status_memory@2x.png */ = {isa = PBXFileReference; lastKnownFileType = image.png; path = "bg_status_memory@2x.png"; sourceTree = "<group>"; };
		68AFED341624E24D00B352AB /* bg_status_storage.png */ = {isa = PBXFileReference; lastKnownFileType = image.png; path = bg_status_storage.png; sourceTree = "<group>"; };
		68AFED351624E24D00B352AB /* bg_status_storage@2x.png */ = {isa = PBXFileReference; lastKnownFileType = image.png; path = "bg_status_storage@2x.png"; sourceTree = "<group>"; };
		68AFED361624E24D00B352AB /* bt_applist.png */ = {isa = PBXFileReference; lastKnownFileType = image.png; path = bt_applist.png; sourceTree = "<group>"; };
		68AFED371624E24D00B352AB /* bt_applist@2x.png */ = {isa = PBXFileReference; lastKnownFileType = image.png; path = "bt_applist@2x.png"; sourceTree = "<group>"; };
		68AFED381624E24D00B352AB /* home_top_bg.png */ = {isa = PBXFileReference; lastKnownFileType = image.png; path = home_top_bg.png; sourceTree = "<group>"; };
		68AFED391624E24D00B352AB /* home_top_bg@2x.png */ = {isa = PBXFileReference; lastKnownFileType = image.png; path = "home_top_bg@2x.png"; sourceTree = "<group>"; };
		68AFED3A1624E24D00B352AB /* icon_home_calendar.png */ = {isa = PBXFileReference; lastKnownFileType = image.png; path = icon_home_calendar.png; sourceTree = "<group>"; };
		68AFED3B1624E24D00B352AB /* icon_home_calendar@2x.png */ = {isa = PBXFileReference; lastKnownFileType = image.png; path = "icon_home_calendar@2x.png"; sourceTree = "<group>"; };
		68AFED3C1624E24D00B352AB /* icon_home_downloader.png */ = {isa = PBXFileReference; lastKnownFileType = image.png; path = icon_home_downloader.png; sourceTree = "<group>"; };
		68AFED3D1624E24D00B352AB /* icon_home_downloader@2x.png */ = {isa = PBXFileReference; lastKnownFileType = image.png; path = "icon_home_downloader@2x.png"; sourceTree = "<group>"; };
		68AFED3E1624E24D00B352AB /* icon_home_events.png */ = {isa = PBXFileReference; lastKnownFileType = image.png; path = icon_home_events.png; sourceTree = "<group>"; };
		68AFED3F1624E24D00B352AB /* icon_home_events@2x.png */ = {isa = PBXFileReference; lastKnownFileType = image.png; path = "icon_home_events@2x.png"; sourceTree = "<group>"; };
		68AFED401624E24D00B352AB /* icon_home_notes.png */ = {isa = PBXFileReference; lastKnownFileType = image.png; path = icon_home_notes.png; sourceTree = "<group>"; };
		68AFED411624E24D00B352AB /* icon_home_notes@2x.png */ = {isa = PBXFileReference; lastKnownFileType = image.png; path = "icon_home_notes@2x.png"; sourceTree = "<group>"; };
		68AFED421624E24D00B352AB /* icon_home_photo.png */ = {isa = PBXFileReference; lastKnownFileType = image.png; path = icon_home_photo.png; sourceTree = "<group>"; };
		68AFED431624E24D00B352AB /* icon_home_photo@2x.png */ = {isa = PBXFileReference; lastKnownFileType = image.png; path = "icon_home_photo@2x.png"; sourceTree = "<group>"; };
		68AFED441624E24D00B352AB /* icon_home_statistics.png */ = {isa = PBXFileReference; lastKnownFileType = image.png; path = icon_home_statistics.png; sourceTree = "<group>"; };
		68AFED451624E24D00B352AB /* icon_home_statistics@2x.png */ = {isa = PBXFileReference; lastKnownFileType = image.png; path = "icon_home_statistics@2x.png"; sourceTree = "<group>"; };
		68AFED461624E24D00B352AB /* icon_home_status.png */ = {isa = PBXFileReference; lastKnownFileType = image.png; path = icon_home_status.png; sourceTree = "<group>"; };
		68AFED471624E24D00B352AB /* icon_home_status@2x.png */ = {isa = PBXFileReference; lastKnownFileType = image.png; path = "icon_home_status@2x.png"; sourceTree = "<group>"; };
		68AFED481624E24D00B352AB /* icon_home_timeline.png */ = {isa = PBXFileReference; lastKnownFileType = image.png; path = icon_home_timeline.png; sourceTree = "<group>"; };
		68AFED491624E24D00B352AB /* icon_home_timeline@2x.png */ = {isa = PBXFileReference; lastKnownFileType = image.png; path = "icon_home_timeline@2x.png"; sourceTree = "<group>"; };
		68AFED4A1624E24D00B352AB /* icon_home_wallet.png */ = {isa = PBXFileReference; lastKnownFileType = image.png; path = icon_home_wallet.png; sourceTree = "<group>"; };
		68AFED4B1624E24D00B352AB /* icon_home_wallet@2x.png */ = {isa = PBXFileReference; lastKnownFileType = image.png; path = "icon_home_wallet@2x.png"; sourceTree = "<group>"; };
		68AFED4C1624E24D00B352AB /* icon_weather_home_sun.png */ = {isa = PBXFileReference; lastKnownFileType = image.png; path = icon_weather_home_sun.png; sourceTree = "<group>"; };
		68AFED4D1624E24D00B352AB /* icon_weather_home_sun@2x.png */ = {isa = PBXFileReference; lastKnownFileType = image.png; path = "icon_weather_home_sun@2x.png"; sourceTree = "<group>"; };
/* End PBXFileReference section */

/* Begin PBXFrameworksBuildPhase section */
		682EA2CE15EB10B000BD6AD4 /* Frameworks */ = {
			isa = PBXFrameworksBuildPhase;
			buildActionMask = 2147483647;
			files = (
				683B959315EB252400575377 /* QuartzCore.framework in Frameworks */,
				682EA2D615EB10B000BD6AD4 /* UIKit.framework in Frameworks */,
				682EA2D815EB10B000BD6AD4 /* Foundation.framework in Frameworks */,
				682EA2DA15EB10B000BD6AD4 /* CoreGraphics.framework in Frameworks */,
				682EA2DC15EB10B000BD6AD4 /* CoreData.framework in Frameworks */,
				1C351C315A48406A863E99F1 /* libPods.a in Frameworks */,
			);
			runOnlyForDeploymentPostprocessing = 0;
		};
		682EA2ED15EB10B000BD6AD4 /* Frameworks */ = {
			isa = PBXFrameworksBuildPhase;
			buildActionMask = 2147483647;
			files = (
				682EA2F315EB10B000BD6AD4 /* SenTestingKit.framework in Frameworks */,
				682EA2F415EB10B000BD6AD4 /* UIKit.framework in Frameworks */,
				682EA2F515EB10B000BD6AD4 /* Foundation.framework in Frameworks */,
				682EA2F615EB10B000BD6AD4 /* CoreData.framework in Frameworks */,
			);
			runOnlyForDeploymentPostprocessing = 0;
		};
/* End PBXFrameworksBuildPhase section */

/* Begin PBXGroup section */
		682EA2C615EB10B000BD6AD4 = {
			isa = PBXGroup;
			children = (
				682EA2DD15EB10B000BD6AD4 /* AppBox3 */,
				682EA2F915EB10B000BD6AD4 /* AppBox3Tests */,
				682EA2D415EB10B000BD6AD4 /* Frameworks */,
				682EA2D215EB10B000BD6AD4 /* Products */,
				4145230C773F4D058F9905F5 /* Pods.xcconfig */,
			);
			sourceTree = "<group>";
		};
		682EA2D215EB10B000BD6AD4 /* Products */ = {
			isa = PBXGroup;
			children = (
				682EA2D115EB10B000BD6AD4 /* AppBox3.app */,
				682EA2F115EB10B000BD6AD4 /* AppBox3Tests.octest */,
			);
			name = Products;
			sourceTree = "<group>";
		};
		682EA2D415EB10B000BD6AD4 /* Frameworks */ = {
			isa = PBXGroup;
			children = (
				683B959215EB252400575377 /* QuartzCore.framework */,
				682EA2D515EB10B000BD6AD4 /* UIKit.framework */,
				682EA2D715EB10B000BD6AD4 /* Foundation.framework */,
				682EA2D915EB10B000BD6AD4 /* CoreGraphics.framework */,
				682EA2DB15EB10B000BD6AD4 /* CoreData.framework */,
				682EA2F215EB10B000BD6AD4 /* SenTestingKit.framework */,
				2329DB00268042E9BF6520E4 /* libPods.a */,
			);
			name = Frameworks;
			sourceTree = "<group>";
		};
		682EA2DD15EB10B000BD6AD4 /* AppBox3 */ = {
			isa = PBXGroup;
			children = (
				683B950C15EB233500575377 /* Apps */,
				683B951015EB233500575377 /* Calculator */,
				683B952115EB233500575377 /* Calendar */,
				683B953D15EB233500575377 /* Common */,
				683B954015EB233500575377 /* Controls */,
				683B954515EB233500575377 /* Data Management */,
				683B954915EB233500575377 /* MainView */,
				683B954D15EB233500575377 /* Models */,
				683B955215EB233500575377 /* Popup */,
				683B955515EB233500575377 /* Search */,
				683B955915EB233500575377 /* Utilities */,
				683B955C15EB233500575377 /* Views */,
				682EA2E615EB10B000BD6AD4 /* A3AppDelegate.h */,
				682EA2E715EB10B000BD6AD4 /* A3AppDelegate.m */,
				682EA2E915EB10B000BD6AD4 /* AppBox3.xcdatamodeld */,
				683B94BE15EB230000575377 /* Resources */,
				682EA2DE15EB10B000BD6AD4 /* Supporting Files */,
			);
			path = AppBox3;
			sourceTree = "<group>";
		};
		682EA2DE15EB10B000BD6AD4 /* Supporting Files */ = {
			isa = PBXGroup;
			children = (
				682EA2DF15EB10B000BD6AD4 /* AppBox3-Info.plist */,
				682EA2E015EB10B000BD6AD4 /* InfoPlist.strings */,
				682EA2E315EB10B000BD6AD4 /* main.m */,
				682EA2E515EB10B000BD6AD4 /* AppBox3-Prefix.pch */,
			);
			name = "Supporting Files";
			sourceTree = "<group>";
		};
		682EA2F915EB10B000BD6AD4 /* AppBox3Tests */ = {
			isa = PBXGroup;
			children = (
				682EA2FF15EB10B000BD6AD4 /* AppBox3Tests.h */,
				682EA30015EB10B000BD6AD4 /* AppBox3Tests.m */,
				682EA2FA15EB10B000BD6AD4 /* Supporting Files */,
			);
			path = AppBox3Tests;
			sourceTree = "<group>";
		};
		682EA2FA15EB10B000BD6AD4 /* Supporting Files */ = {
			isa = PBXGroup;
			children = (
				682EA2FB15EB10B000BD6AD4 /* AppBox3Tests-Info.plist */,
				682EA2FC15EB10B000BD6AD4 /* InfoPlist.strings */,
			);
			name = "Supporting Files";
			sourceTree = "<group>";
		};
		683B94BE15EB230000575377 /* Resources */ = {
			isa = PBXGroup;
			children = (
				683B94BF15EB231C00575377 /* icons */,
				685A0A3C1624376F00E94B6B /* Storyboard.storyboard */,
			);
			name = Resources;
			path = ..;
			sourceTree = "<group>";
		};
		683B94BF15EB231C00575377 /* icons */ = {
			isa = PBXGroup;
			children = (
				68AFED301624E24D00B352AB /* bg_status_battery.png */,
				68AFED311624E24D00B352AB /* bg_status_battery@2x.png */,
				68AFED321624E24D00B352AB /* bg_status_memory.png */,
				68AFED331624E24D00B352AB /* bg_status_memory@2x.png */,
				68AFED341624E24D00B352AB /* bg_status_storage.png */,
				68AFED351624E24D00B352AB /* bg_status_storage@2x.png */,
				68AFED361624E24D00B352AB /* bt_applist.png */,
				68AFED371624E24D00B352AB /* bt_applist@2x.png */,
				68AFED381624E24D00B352AB /* home_top_bg.png */,
				68AFED391624E24D00B352AB /* home_top_bg@2x.png */,
				68AFED3A1624E24D00B352AB /* icon_home_calendar.png */,
				68AFED3B1624E24D00B352AB /* icon_home_calendar@2x.png */,
				68AFED3C1624E24D00B352AB /* icon_home_downloader.png */,
				68AFED3D1624E24D00B352AB /* icon_home_downloader@2x.png */,
				68AFED3E1624E24D00B352AB /* icon_home_events.png */,
				68AFED3F1624E24D00B352AB /* icon_home_events@2x.png */,
				68AFED401624E24D00B352AB /* icon_home_notes.png */,
				68AFED411624E24D00B352AB /* icon_home_notes@2x.png */,
				68AFED421624E24D00B352AB /* icon_home_photo.png */,
				68AFED431624E24D00B352AB /* icon_home_photo@2x.png */,
				68AFED441624E24D00B352AB /* icon_home_statistics.png */,
				68AFED451624E24D00B352AB /* icon_home_statistics@2x.png */,
				68AFED461624E24D00B352AB /* icon_home_status.png */,
				68AFED471624E24D00B352AB /* icon_home_status@2x.png */,
				68AFED481624E24D00B352AB /* icon_home_timeline.png */,
				68AFED491624E24D00B352AB /* icon_home_timeline@2x.png */,
				68AFED4A1624E24D00B352AB /* icon_home_wallet.png */,
				68AFED4B1624E24D00B352AB /* icon_home_wallet@2x.png */,
				68AFED4C1624E24D00B352AB /* icon_weather_home_sun.png */,
				68AFED4D1624E24D00B352AB /* icon_weather_home_sun@2x.png */,
				683B94C015EB231C00575377 /* app_clock_32.png */,
				683B94C115EB231C00575377 /* app_currency_32.png */,
				683B94C215EB231C00575377 /* app_diary_32.png */,
				683B94C315EB231C00575377 /* app_event_32.png */,
				683B94C415EB231C00575377 /* app_loan_32.png */,
				683B94C515EB231C00575377 /* app_pCal_32.png */,
				683B94C615EB231C00575377 /* app_photo_32.png */,
				683B94C715EB231C00575377 /* app_ruler_32.png */,
				683B94C815EB231C00575377 /* app_systeminfo_32.png */,
				683B94C915EB231C00575377 /* app_translator_32.png */,
				683B94CA15EB231C00575377 /* app_unit_32.png */,
				683B94CB15EB231C00575377 /* app_wallet_32.png */,
				683B94CC15EB231D00575377 /* green_check_in_circle.png */,
				683B94CD15EB231D00575377 /* icon_app_settings.png */,
				683B94CE15EB231D00575377 /* icon_bar_settings.png */,
				683B94CF15EB231D00575377 /* icon_cal_add.png */,
				683B94D015EB231D00575377 /* icon_cal_goto.png */,
				683B94D115EB231D00575377 /* icon_leftarrow.png */,
				683B94D215EB231D00575377 /* icon_rightarrow.png */,
				683B94D315EB231D00575377 /* icon_sc_cal.png */,
				683B94D415EB231D00575377 /* icon_sc_cal_on.png */,
				683B94D515EB231D00575377 /* icon_sc_calc.png */,
				683B94D615EB231D00575377 /* icon_sc_calc_on.png */,
				683B94D715EB231D00575377 /* icon_sc_flashlight.png */,
				683B94D815EB231D00575377 /* icon_sc_flashlight_on.png */,
				683B94D915EB231D00575377 /* icon_sc_home.png */,
				683B94DA15EB231D00575377 /* icon_sc_home_edit_on.png */,
				683B94DB15EB231D00575377 /* icon_sc_home_on.png */,
				683B94DC15EB231D00575377 /* icon_sc_info.png */,
				683B94DD15EB231D00575377 /* icon_sc_info_on.png */,
				683B94DE15EB231D00575377 /* icon_sc_magnifier.png */,
				683B94DF15EB231D00575377 /* icon_sc_magnifier_on.png */,
				683B94E015EB231D00575377 /* icon_sc_mirror.png */,
				683B94E115EB231D00575377 /* icon_sc_mirror_on.png */,
				683B94E215EB231D00575377 /* icon_sc_search.png */,
				683B94E315EB231D00575377 /* icon_sc_search_on.png */,
				683B94E415EB231D00575377 /* icon_sc_settings.png */,
				683B94E515EB231D00575377 /* icon_sc_settings_on.png */,
			);
			name = icons;
			path = AppBox3/icons;
			sourceTree = "<group>";
		};
		683B950C15EB233500575377 /* Apps */ = {
			isa = PBXGroup;
			children = (
				683B950D15EB233500575377 /* BatteryLife */,
			);
			path = Apps;
			sourceTree = "<group>";
		};
		683B950D15EB233500575377 /* BatteryLife */ = {
			isa = PBXGroup;
			children = (
				683B950E15EB233500575377 /* A3iPadBatteryLifeViewController.h */,
				683B950F15EB233500575377 /* A3iPadBatteryLifeViewController.m */,
			);
			path = BatteryLife;
			sourceTree = "<group>";
		};
		683B951015EB233500575377 /* Calculator */ = {
			isa = PBXGroup;
			children = (
				683B951115EB233500575377 /* A3CalcExpressionView.h */,
				683B951215EB233500575377 /* A3CalcExpressionView.m */,
				683B951315EB233500575377 /* A3CalcHistoryViewCell.h */,
				683B951415EB233500575377 /* A3CalcHistoryViewCell.m */,
				683B951515EB233500575377 /* A3CalcHistoryViewCellContentsView.xib */,
				683B951615EB233500575377 /* A3CalculatorButton.h */,
				683B951715EB233500575377 /* A3CalculatorButton.m */,
				683B951815EB233500575377 /* A3CalculatorButtonsViewController.h */,
				683B951915EB233500575377 /* A3CalculatorButtonsViewController.m */,
				683B951A15EB233500575377 /* A3CalculatorDisplayView.h */,
				683B951B15EB233500575377 /* A3CalculatorDisplayView.m */,
				683B951C15EB233500575377 /* A3CalculatorViewController.h */,
				683B951D15EB233500575377 /* A3CalculatorViewController.m */,
				683B951E15EB233500575377 /* Calculator_iPad.xib */,
				683B951F15EB233500575377 /* CalculatorButtonsInFirstPage.xib */,
				683B952015EB233500575377 /* CalculatorButtonsInSecondPage.xib */,
			);
			path = Calculator;
			sourceTree = "<group>";
		};
		683B952115EB233500575377 /* Calendar */ = {
			isa = PBXGroup;
			children = (
				683B952215EB233500575377 /* A3CalendarBackgroundView.h */,
				683B952315EB233500575377 /* A3CalendarBackgroundView.m */,
				683B952415EB233500575377 /* A3CalendarContentsViewCommand.h */,
				683B952515EB233500575377 /* A3CalendarMonthFrameView.xib */,
				683B952615EB233500575377 /* A3CalendarMonthFrameViewController.h */,
				683B952715EB233500575377 /* A3CalendarMonthFrameViewController.m */,
				683B952815EB233500575377 /* A3CalendarMonthView.h */,
				683B952915EB233500575377 /* A3CalendarMonthView.m */,
				683B952A15EB233500575377 /* A3CalendarPreferences.h */,
				683B952B15EB233500575377 /* A3CalendarPreferences.m */,
				683B952C15EB233500575377 /* A3CalendarViewController.h */,
				683B952D15EB233500575377 /* A3CalendarViewController.m */,
				683B952E15EB233500575377 /* A3CalendarViewController.xib */,
				683B952F15EB233500575377 /* A3CalendarWeekContentsView.h */,
				683B953015EB233500575377 /* A3CalendarWeekContentsView.m */,
				683B953115EB233500575377 /* A3CalendarWeekCurrentTimeMarkView.h */,
				683B953215EB233500575377 /* A3CalendarWeekCurrentTimeMarkView.m */,
				683B953315EB233500575377 /* A3CalendarWeekHeaderView.h */,
				683B953415EB233500575377 /* A3CalendarWeekHeaderView.m */,
				683B953515EB233500575377 /* A3CalendarWeekTodayMarkView.h */,
				683B953615EB233500575377 /* A3CalendarWeekTodayMarkView.m */,
				683B953715EB233500575377 /* A3CalendarWeekView.h */,
				683B953815EB233500575377 /* A3CalendarWeekView.m */,
				683B953915EB233500575377 /* A3CalendarWeekViewController.h */,
				683B953A15EB233500575377 /* A3CalendarWeekViewController.m */,
				683B953B15EB233500575377 /* A3CalendarWeekViewController.xib */,
				683B953C15EB233500575377 /* A3CalendarWeekViewMetrics.h */,
			);
			path = Calendar;
			sourceTree = "<group>";
		};
		683B953D15EB233500575377 /* Common */ = {
			isa = PBXGroup;
			children = (
				683B953E15EB233500575377 /* common.h */,
				683B953F15EB233500575377 /* CommonUIDefinitions.h */,
			);
			path = Common;
			sourceTree = "<group>";
		};
		683B954015EB233500575377 /* Controls */ = {
			isa = PBXGroup;
			children = (
				683B954115EB233500575377 /* CoolButton.h */,
				683B954215EB233500575377 /* CoolButton.m */,
				683B954315EB233500575377 /* DDPageControl.h */,
				683B954415EB233500575377 /* DDPageControl.m */,
				6817825116253640008A6E4B /* A3SegmentedControl.h */,
				6817825216253640008A6E4B /* A3SegmentedControl.m */,
			);
			path = Controls;
			sourceTree = "<group>";
		};
		683B954515EB233500575377 /* Data Management */ = {
			isa = PBXGroup;
			children = (
				683B954615EB233500575377 /* A3BundleDataController.h */,
				683B954715EB233500575377 /* A3BundleDataController.m */,
				683B954815EB233500575377 /* AppBox3.sqlite */,
			);
			path = "Data Management";
			sourceTree = "<group>";
		};
		683B954915EB233500575377 /* MainView */ = {
			isa = PBXGroup;
			children = (
				685A0A3516242BAB00E94B6B /* MenuView_iPad.xib */,
				683B954A15EB233500575377 /* A3MainViewController_iPad.h */,
				683B954B15EB233500575377 /* A3MainViewController_iPad.m */,
				68AFED2E1624E14E00B352AB /* HomeView_iPhone.xib */,
				681A81E5162519AA00521C89 /* A3HomeViewController_iPhone.h */,
				681A81E6162519AA00521C89 /* A3HomeViewController_iPhone.m */,
			);
			path = MainView;
			sourceTree = "<group>";
		};
		683B954D15EB233500575377 /* Models */ = {
			isa = PBXGroup;
			children = (
				683B954E15EB233500575377 /* MenuGroup.h */,
				683B954F15EB233500575377 /* MenuGroup.m */,
				683B955015EB233500575377 /* MenuItem.h */,
				683B955115EB233500575377 /* MenuItem.m */,
			);
			path = Models;
			sourceTree = "<group>";
		};
		683B955215EB233500575377 /* Popup */ = {
			isa = PBXGroup;
			children = (
				683B955315EB233500575377 /* A3DatePickerViewController.h */,
				683B955415EB233500575377 /* A3DatePickerViewController.m */,
			);
			path = Popup;
			sourceTree = "<group>";
		};
		683B955515EB233500575377 /* Search */ = {
			isa = PBXGroup;
			children = (
				683B955615EB233500575377 /* A3SearchIPADViewController.h */,
				683B955715EB233500575377 /* A3SearchIPADViewController.m */,
				683B955815EB233500575377 /* SearchViewiPad.xib */,
			);
			path = Search;
			sourceTree = "<group>";
		};
		683B955915EB233500575377 /* Utilities */ = {
			isa = PBXGroup;
			children = (
				683B955A15EB233500575377 /* A3Utilities.h */,
				683B955B15EB233500575377 /* A3Utilities.m */,
			);
			path = Utilities;
			sourceTree = "<group>";
		};
		683B955C15EB233500575377 /* Views */ = {
			isa = PBXGroup;
			children = (
				683B955D15EB233500575377 /* A3AppHeaderView.h */,
				683B955E15EB233500575377 /* A3AppHeaderView.m */,
				683B955F15EB233500575377 /* A3BlackThickRoundedRectView.h */,
				683B956015EB233500575377 /* A3BlackThickRoundedRectView.m */,
				683B956115EB233500575377 /* A3GrayAppHeaderView.h */,
				683B956215EB233500575377 /* A3GrayAppHeaderView.m */,
				683B956315EB233500575377 /* A3RowSeparatorView.h */,
				683B956415EB233500575377 /* A3RowSeparatorView.m */,
			);
			path = Views;
			sourceTree = "<group>";
		};
/* End PBXGroup section */

/* Begin PBXNativeTarget section */
		682EA2D015EB10B000BD6AD4 /* AppBox3 */ = {
			isa = PBXNativeTarget;
			buildConfigurationList = 682EA30415EB10B000BD6AD4 /* Build configuration list for PBXNativeTarget "AppBox3" */;
			buildPhases = (
				682EA2CD15EB10B000BD6AD4 /* Sources */,
				682EA2CE15EB10B000BD6AD4 /* Frameworks */,
				682EA2CF15EB10B000BD6AD4 /* Resources */,
				4D60866C0D7A4F40A22EB9A0 /* Copy Pods Resources */,
			);
			buildRules = (
			);
			dependencies = (
			);
			name = AppBox3;
			productName = AppBox3;
			productReference = 682EA2D115EB10B000BD6AD4 /* AppBox3.app */;
			productType = "com.apple.product-type.application";
		};
		682EA2F015EB10B000BD6AD4 /* AppBox3Tests */ = {
			isa = PBXNativeTarget;
			buildConfigurationList = 682EA30715EB10B000BD6AD4 /* Build configuration list for PBXNativeTarget "AppBox3Tests" */;
			buildPhases = (
				682EA2EC15EB10B000BD6AD4 /* Sources */,
				682EA2ED15EB10B000BD6AD4 /* Frameworks */,
				682EA2EE15EB10B000BD6AD4 /* Resources */,
				682EA2EF15EB10B000BD6AD4 /* ShellScript */,
			);
			buildRules = (
			);
			dependencies = (
				682EA2F815EB10B000BD6AD4 /* PBXTargetDependency */,
			);
			name = AppBox3Tests;
			productName = AppBox3Tests;
			productReference = 682EA2F115EB10B000BD6AD4 /* AppBox3Tests.octest */;
			productType = "com.apple.product-type.bundle";
		};
/* End PBXNativeTarget section */

/* Begin PBXProject section */
		682EA2C815EB10B000BD6AD4 /* Project object */ = {
			isa = PBXProject;
			attributes = {
				CLASSPREFIX = A3;
				LastUpgradeCheck = 0440;
				ORGANIZATIONNAME = ALLABOUTAPPS;
			};
			buildConfigurationList = 682EA2CB15EB10B000BD6AD4 /* Build configuration list for PBXProject "AppBox3" */;
			compatibilityVersion = "Xcode 3.2";
			developmentRegion = English;
			hasScannedForEncodings = 0;
			knownRegions = (
				en,
			);
			mainGroup = 682EA2C615EB10B000BD6AD4;
			productRefGroup = 682EA2D215EB10B000BD6AD4 /* Products */;
			projectDirPath = "";
			projectRoot = "";
			targets = (
				682EA2D015EB10B000BD6AD4 /* AppBox3 */,
				682EA2F015EB10B000BD6AD4 /* AppBox3Tests */,
			);
		};
/* End PBXProject section */

/* Begin PBXResourcesBuildPhase section */
		682EA2CF15EB10B000BD6AD4 /* Resources */ = {
			isa = PBXResourcesBuildPhase;
			buildActionMask = 2147483647;
			files = (
				682EA2E215EB10B000BD6AD4 /* InfoPlist.strings in Resources */,
				683B94E615EB231D00575377 /* app_clock_32.png in Resources */,
				683B94E715EB231D00575377 /* app_currency_32.png in Resources */,
				683B94E815EB231D00575377 /* app_diary_32.png in Resources */,
				683B94E915EB231D00575377 /* app_event_32.png in Resources */,
				683B94EA15EB231D00575377 /* app_loan_32.png in Resources */,
				683B94EB15EB231D00575377 /* app_pCal_32.png in Resources */,
				683B94EC15EB231D00575377 /* app_photo_32.png in Resources */,
				683B94ED15EB231D00575377 /* app_ruler_32.png in Resources */,
				683B94EE15EB231D00575377 /* app_systeminfo_32.png in Resources */,
				683B94EF15EB231D00575377 /* app_translator_32.png in Resources */,
				683B94F015EB231D00575377 /* app_unit_32.png in Resources */,
				683B94F115EB231D00575377 /* app_wallet_32.png in Resources */,
				683B94F215EB231D00575377 /* green_check_in_circle.png in Resources */,
				683B94F315EB231D00575377 /* icon_app_settings.png in Resources */,
				683B94F415EB231D00575377 /* icon_bar_settings.png in Resources */,
				683B94F515EB231D00575377 /* icon_cal_add.png in Resources */,
				683B94F615EB231D00575377 /* icon_cal_goto.png in Resources */,
				683B94F715EB231D00575377 /* icon_leftarrow.png in Resources */,
				683B94F815EB231D00575377 /* icon_rightarrow.png in Resources */,
				683B94F915EB231D00575377 /* icon_sc_cal.png in Resources */,
				683B94FA15EB231D00575377 /* icon_sc_cal_on.png in Resources */,
				683B94FB15EB231D00575377 /* icon_sc_calc.png in Resources */,
				683B94FC15EB231D00575377 /* icon_sc_calc_on.png in Resources */,
				683B94FD15EB231D00575377 /* icon_sc_flashlight.png in Resources */,
				683B94FE15EB231D00575377 /* icon_sc_flashlight_on.png in Resources */,
				683B94FF15EB231D00575377 /* icon_sc_home.png in Resources */,
				683B950015EB231D00575377 /* icon_sc_home_edit_on.png in Resources */,
				683B950115EB231D00575377 /* icon_sc_home_on.png in Resources */,
				683B950215EB231D00575377 /* icon_sc_info.png in Resources */,
				683B950315EB231D00575377 /* icon_sc_info_on.png in Resources */,
				683B950415EB231D00575377 /* icon_sc_magnifier.png in Resources */,
				683B950515EB231D00575377 /* icon_sc_magnifier_on.png in Resources */,
				683B950615EB231D00575377 /* icon_sc_mirror.png in Resources */,
				683B950715EB231D00575377 /* icon_sc_mirror_on.png in Resources */,
				683B950815EB231D00575377 /* icon_sc_search.png in Resources */,
				683B950915EB231D00575377 /* icon_sc_search_on.png in Resources */,
				683B950A15EB231D00575377 /* icon_sc_settings.png in Resources */,
				683B950B15EB231D00575377 /* icon_sc_settings_on.png in Resources */,
				683B956815EB233500575377 /* A3CalcHistoryViewCellContentsView.xib in Resources */,
				683B956D15EB233500575377 /* Calculator_iPad.xib in Resources */,
				683B956E15EB233500575377 /* CalculatorButtonsInFirstPage.xib in Resources */,
				683B956F15EB233500575377 /* CalculatorButtonsInSecondPage.xib in Resources */,
				683B957115EB233500575377 /* A3CalendarMonthFrameView.xib in Resources */,
				683B957615EB233500575377 /* A3CalendarViewController.xib in Resources */,
				683B957D15EB233500575377 /* A3CalendarWeekViewController.xib in Resources */,
				683B958115EB233500575377 /* AppBox3.sqlite in Resources */,
				683B958815EB233500575377 /* SearchViewiPad.xib in Resources */,
				685A0A3616242BAB00E94B6B /* MenuView_iPad.xib in Resources */,
				685A0A3D1624376F00E94B6B /* Storyboard.storyboard in Resources */,
				68AFED2F1624E14E00B352AB /* HomeView_iPhone.xib in Resources */,
				68AFED4E1624E24D00B352AB /* bg_status_battery.png in Resources */,
				68AFED4F1624E24D00B352AB /* bg_status_battery@2x.png in Resources */,
				68AFED501624E24D00B352AB /* bg_status_memory.png in Resources */,
				68AFED511624E24D00B352AB /* bg_status_memory@2x.png in Resources */,
				68AFED521624E24D00B352AB /* bg_status_storage.png in Resources */,
				68AFED531624E24D00B352AB /* bg_status_storage@2x.png in Resources */,
				68AFED541624E24D00B352AB /* bt_applist.png in Resources */,
				68AFED551624E24D00B352AB /* bt_applist@2x.png in Resources */,
				68AFED561624E24D00B352AB /* home_top_bg.png in Resources */,
				68AFED571624E24D00B352AB /* home_top_bg@2x.png in Resources */,
				68AFED581624E24D00B352AB /* icon_home_calendar.png in Resources */,
				68AFED591624E24D00B352AB /* icon_home_calendar@2x.png in Resources */,
				68AFED5A1624E24D00B352AB /* icon_home_downloader.png in Resources */,
				68AFED5B1624E24D00B352AB /* icon_home_downloader@2x.png in Resources */,
				68AFED5C1624E24D00B352AB /* icon_home_events.png in Resources */,
				68AFED5D1624E24D00B352AB /* icon_home_events@2x.png in Resources */,
				68AFED5E1624E24D00B352AB /* icon_home_notes.png in Resources */,
				68AFED5F1624E24D00B352AB /* icon_home_notes@2x.png in Resources */,
				68AFED601624E24D00B352AB /* icon_home_photo.png in Resources */,
				68AFED611624E24D00B352AB /* icon_home_photo@2x.png in Resources */,
				68AFED621624E24D00B352AB /* icon_home_statistics.png in Resources */,
				68AFED631624E24D00B352AB /* icon_home_statistics@2x.png in Resources */,
				68AFED641624E24D00B352AB /* icon_home_status.png in Resources */,
				68AFED651624E24D00B352AB /* icon_home_status@2x.png in Resources */,
				68AFED661624E24D00B352AB /* icon_home_timeline.png in Resources */,
				68AFED671624E24D00B352AB /* icon_home_timeline@2x.png in Resources */,
				68AFED681624E24D00B352AB /* icon_home_wallet.png in Resources */,
				68AFED691624E24D00B352AB /* icon_home_wallet@2x.png in Resources */,
				68AFED6A1624E24D00B352AB /* icon_weather_home_sun.png in Resources */,
				68AFED6B1624E24D00B352AB /* icon_weather_home_sun@2x.png in Resources */,
			);
			runOnlyForDeploymentPostprocessing = 0;
		};
		682EA2EE15EB10B000BD6AD4 /* Resources */ = {
			isa = PBXResourcesBuildPhase;
			buildActionMask = 2147483647;
			files = (
				682EA2FE15EB10B000BD6AD4 /* InfoPlist.strings in Resources */,
				685A0A3716242BAB00E94B6B /* MenuView_iPad.xib in Resources */,
				685A0A3E1624376F00E94B6B /* Storyboard.storyboard in Resources */,
			);
			runOnlyForDeploymentPostprocessing = 0;
		};
/* End PBXResourcesBuildPhase section */

/* Begin PBXShellScriptBuildPhase section */
		4D60866C0D7A4F40A22EB9A0 /* Copy Pods Resources */ = {
			isa = PBXShellScriptBuildPhase;
			buildActionMask = 2147483647;
			files = (
			);
			inputPaths = (
			);
			name = "Copy Pods Resources";
			outputPaths = (
			);
			runOnlyForDeploymentPostprocessing = 0;
			shellPath = /bin/sh;
			shellScript = "\"${SRCROOT}/Pods/Pods-resources.sh\"\n";
		};
		682EA2EF15EB10B000BD6AD4 /* ShellScript */ = {
			isa = PBXShellScriptBuildPhase;
			buildActionMask = 2147483647;
			files = (
			);
			inputPaths = (
			);
			outputPaths = (
			);
			runOnlyForDeploymentPostprocessing = 0;
			shellPath = /bin/sh;
			shellScript = "# Run the unit tests in this test bundle.\n\"${SYSTEM_DEVELOPER_DIR}/Tools/RunUnitTests\"\n";
		};
/* End PBXShellScriptBuildPhase section */

/* Begin PBXSourcesBuildPhase section */
		682EA2CD15EB10B000BD6AD4 /* Sources */ = {
			isa = PBXSourcesBuildPhase;
			buildActionMask = 2147483647;
			files = (
				682EA2E415EB10B000BD6AD4 /* main.m in Sources */,
				682EA2E815EB10B000BD6AD4 /* A3AppDelegate.m in Sources */,
				682EA2EB15EB10B000BD6AD4 /* AppBox3.xcdatamodeld in Sources */,
				683B956515EB233500575377 /* A3iPadBatteryLifeViewController.m in Sources */,
				683B956615EB233500575377 /* A3CalcExpressionView.m in Sources */,
				683B956715EB233500575377 /* A3CalcHistoryViewCell.m in Sources */,
				683B956915EB233500575377 /* A3CalculatorButton.m in Sources */,
				683B956A15EB233500575377 /* A3CalculatorButtonsViewController.m in Sources */,
				683B956B15EB233500575377 /* A3CalculatorDisplayView.m in Sources */,
				683B956C15EB233500575377 /* A3CalculatorViewController.m in Sources */,
				683B957015EB233500575377 /* A3CalendarBackgroundView.m in Sources */,
				683B957215EB233500575377 /* A3CalendarMonthFrameViewController.m in Sources */,
				683B957315EB233500575377 /* A3CalendarMonthView.m in Sources */,
				683B957415EB233500575377 /* A3CalendarPreferences.m in Sources */,
				683B957515EB233500575377 /* A3CalendarViewController.m in Sources */,
				683B957715EB233500575377 /* A3CalendarWeekContentsView.m in Sources */,
				683B957815EB233500575377 /* A3CalendarWeekCurrentTimeMarkView.m in Sources */,
				683B957915EB233500575377 /* A3CalendarWeekHeaderView.m in Sources */,
				683B957A15EB233500575377 /* A3CalendarWeekTodayMarkView.m in Sources */,
				683B957B15EB233500575377 /* A3CalendarWeekView.m in Sources */,
				683B957C15EB233500575377 /* A3CalendarWeekViewController.m in Sources */,
				683B957E15EB233500575377 /* CoolButton.m in Sources */,
				683B957F15EB233500575377 /* DDPageControl.m in Sources */,
				683B958015EB233500575377 /* A3BundleDataController.m in Sources */,
				683B958215EB233500575377 /* A3MainViewController_iPad.m in Sources */,
				683B958415EB233500575377 /* MenuGroup.m in Sources */,
				683B958515EB233500575377 /* MenuItem.m in Sources */,
				683B958615EB233500575377 /* A3DatePickerViewController.m in Sources */,
				683B958715EB233500575377 /* A3SearchIPADViewController.m in Sources */,
				683B958915EB233500575377 /* A3Utilities.m in Sources */,
				683B958A15EB233500575377 /* A3AppHeaderView.m in Sources */,
				683B958B15EB233500575377 /* A3BlackThickRoundedRectView.m in Sources */,
				683B958C15EB233500575377 /* A3GrayAppHeaderView.m in Sources */,
				683B958D15EB233500575377 /* A3RowSeparatorView.m in Sources */,
				681A81E7162519AA00521C89 /* A3HomeViewController_iPhone.m in Sources */,
				6817825316253640008A6E4B /* A3SegmentedControl.m in Sources */,
			);
			runOnlyForDeploymentPostprocessing = 0;
		};
		682EA2EC15EB10B000BD6AD4 /* Sources */ = {
			isa = PBXSourcesBuildPhase;
			buildActionMask = 2147483647;
			files = (
				682EA30115EB10B000BD6AD4 /* AppBox3Tests.m in Sources */,
			);
			runOnlyForDeploymentPostprocessing = 0;
		};
/* End PBXSourcesBuildPhase section */

/* Begin PBXTargetDependency section */
		682EA2F815EB10B000BD6AD4 /* PBXTargetDependency */ = {
			isa = PBXTargetDependency;
			target = 682EA2D015EB10B000BD6AD4 /* AppBox3 */;
			targetProxy = 682EA2F715EB10B000BD6AD4 /* PBXContainerItemProxy */;
		};
/* End PBXTargetDependency section */

/* Begin PBXVariantGroup section */
		682EA2E015EB10B000BD6AD4 /* InfoPlist.strings */ = {
			isa = PBXVariantGroup;
			children = (
				682EA2E115EB10B000BD6AD4 /* en */,
			);
			name = InfoPlist.strings;
			sourceTree = "<group>";
		};
		682EA2FC15EB10B000BD6AD4 /* InfoPlist.strings */ = {
			isa = PBXVariantGroup;
			children = (
				682EA2FD15EB10B000BD6AD4 /* en */,
			);
			name = InfoPlist.strings;
			sourceTree = "<group>";
		};
/* End PBXVariantGroup section */

/* Begin XCBuildConfiguration section */
		682EA30215EB10B000BD6AD4 /* Debug */ = {
			isa = XCBuildConfiguration;
			buildSettings = {
				ALWAYS_SEARCH_USER_PATHS = NO;
				ARCHS = "$(ARCHS_STANDARD_32_BIT)";
				CLANG_CXX_LANGUAGE_STANDARD = "gnu++0x";
				CLANG_ENABLE_OBJC_ARC = YES;
				CLANG_WARN__DUPLICATE_METHOD_MATCH = YES;
				"CODE_SIGN_IDENTITY[sdk=iphoneos*]" = "iPhone Developer";
				COPY_PHASE_STRIP = NO;
				GCC_C_LANGUAGE_STANDARD = gnu99;
				GCC_DYNAMIC_NO_PIC = NO;
				GCC_OPTIMIZATION_LEVEL = 0;
				GCC_PREPROCESSOR_DEFINITIONS = (
					"DEBUG=1",
					"$(inherited)",
				);
				GCC_SYMBOLS_PRIVATE_EXTERN = NO;
				GCC_VERSION = com.apple.compilers.llvm.clang.1_0;
				GCC_WARN_ABOUT_RETURN_TYPE = YES;
				GCC_WARN_UNINITIALIZED_AUTOS = YES;
				GCC_WARN_UNUSED_VARIABLE = YES;
				IPHONEOS_DEPLOYMENT_TARGET = 5.0;
				SDKROOT = iphoneos;
				TARGETED_DEVICE_FAMILY = "1,2";
			};
			name = Debug;
		};
		682EA30315EB10B000BD6AD4 /* Release */ = {
			isa = XCBuildConfiguration;
			buildSettings = {
				ALWAYS_SEARCH_USER_PATHS = NO;
				ARCHS = "$(ARCHS_STANDARD_32_BIT)";
				CLANG_CXX_LANGUAGE_STANDARD = "gnu++0x";
				CLANG_ENABLE_OBJC_ARC = YES;
				CLANG_WARN__DUPLICATE_METHOD_MATCH = YES;
				"CODE_SIGN_IDENTITY[sdk=iphoneos*]" = "iPhone Developer";
				COPY_PHASE_STRIP = YES;
				GCC_C_LANGUAGE_STANDARD = gnu99;
				GCC_VERSION = com.apple.compilers.llvm.clang.1_0;
				GCC_WARN_ABOUT_RETURN_TYPE = YES;
				GCC_WARN_UNINITIALIZED_AUTOS = YES;
				GCC_WARN_UNUSED_VARIABLE = YES;
				IPHONEOS_DEPLOYMENT_TARGET = 5.0;
				OTHER_CFLAGS = "-DNS_BLOCK_ASSERTIONS=1";
				SDKROOT = iphoneos;
				TARGETED_DEVICE_FAMILY = "1,2";
				VALIDATE_PRODUCT = YES;
			};
			name = Release;
		};
		682EA30515EB10B000BD6AD4 /* Debug */ = {
			isa = XCBuildConfiguration;
			baseConfigurationReference = 4145230C773F4D058F9905F5 /* Pods.xcconfig */;
			buildSettings = {
				GCC_PRECOMPILE_PREFIX_HEADER = YES;
				GCC_PREFIX_HEADER = "AppBox3/AppBox3-Prefix.pch";
				INFOPLIST_FILE = "AppBox3/AppBox3-Info.plist";
				PRODUCT_NAME = "$(TARGET_NAME)";
				WRAPPER_EXTENSION = app;
			};
			name = Debug;
		};
		682EA30615EB10B000BD6AD4 /* Release */ = {
			isa = XCBuildConfiguration;
			baseConfigurationReference = 4145230C773F4D058F9905F5 /* Pods.xcconfig */;
			buildSettings = {
				GCC_PRECOMPILE_PREFIX_HEADER = YES;
				GCC_PREFIX_HEADER = "AppBox3/AppBox3-Prefix.pch";
				INFOPLIST_FILE = "AppBox3/AppBox3-Info.plist";
				PRODUCT_NAME = "$(TARGET_NAME)";
				WRAPPER_EXTENSION = app;
			};
			name = Release;
		};
		682EA30815EB10B000BD6AD4 /* Debug */ = {
			isa = XCBuildConfiguration;
			buildSettings = {
				BUNDLE_LOADER = "$(BUILT_PRODUCTS_DIR)/AppBox3.app/AppBox3";
				FRAMEWORK_SEARCH_PATHS = (
					"\"$(SDKROOT)/Developer/Library/Frameworks\"",
					"\"$(DEVELOPER_LIBRARY_DIR)/Frameworks\"",
				);
				GCC_PRECOMPILE_PREFIX_HEADER = YES;
				GCC_PREFIX_HEADER = "AppBox3/AppBox3-Prefix.pch";
				INFOPLIST_FILE = "AppBox3Tests/AppBox3Tests-Info.plist";
				PRODUCT_NAME = "$(TARGET_NAME)";
				TEST_HOST = "$(BUNDLE_LOADER)";
				WRAPPER_EXTENSION = octest;
			};
			name = Debug;
		};
		682EA30915EB10B000BD6AD4 /* Release */ = {
			isa = XCBuildConfiguration;
			buildSettings = {
				BUNDLE_LOADER = "$(BUILT_PRODUCTS_DIR)/AppBox3.app/AppBox3";
				FRAMEWORK_SEARCH_PATHS = (
					"\"$(SDKROOT)/Developer/Library/Frameworks\"",
					"\"$(DEVELOPER_LIBRARY_DIR)/Frameworks\"",
				);
				GCC_PRECOMPILE_PREFIX_HEADER = YES;
				GCC_PREFIX_HEADER = "AppBox3/AppBox3-Prefix.pch";
				INFOPLIST_FILE = "AppBox3Tests/AppBox3Tests-Info.plist";
				PRODUCT_NAME = "$(TARGET_NAME)";
				TEST_HOST = "$(BUNDLE_LOADER)";
				WRAPPER_EXTENSION = octest;
			};
			name = Release;
		};
/* End XCBuildConfiguration section */

/* Begin XCConfigurationList section */
		682EA2CB15EB10B000BD6AD4 /* Build configuration list for PBXProject "AppBox3" */ = {
			isa = XCConfigurationList;
			buildConfigurations = (
				682EA30215EB10B000BD6AD4 /* Debug */,
				682EA30315EB10B000BD6AD4 /* Release */,
			);
			defaultConfigurationIsVisible = 0;
			defaultConfigurationName = Release;
		};
		682EA30415EB10B000BD6AD4 /* Build configuration list for PBXNativeTarget "AppBox3" */ = {
			isa = XCConfigurationList;
			buildConfigurations = (
				682EA30515EB10B000BD6AD4 /* Debug */,
				682EA30615EB10B000BD6AD4 /* Release */,
			);
			defaultConfigurationIsVisible = 0;
			defaultConfigurationName = Release;
		};
		682EA30715EB10B000BD6AD4 /* Build configuration list for PBXNativeTarget "AppBox3Tests" */ = {
			isa = XCConfigurationList;
			buildConfigurations = (
				682EA30815EB10B000BD6AD4 /* Debug */,
				682EA30915EB10B000BD6AD4 /* Release */,
			);
			defaultConfigurationIsVisible = 0;
			defaultConfigurationName = Release;
		};
/* End XCConfigurationList section */

/* Begin XCVersionGroup section */
		682EA2E915EB10B000BD6AD4 /* AppBox3.xcdatamodeld */ = {
			isa = XCVersionGroup;
			children = (
				682EA2EA15EB10B000BD6AD4 /* AppBox3.xcdatamodel */,
			);
			currentVersion = 682EA2EA15EB10B000BD6AD4 /* AppBox3.xcdatamodel */;
			path = AppBox3.xcdatamodeld;
			sourceTree = "<group>";
			versionGroupType = wrapper.xcdatamodel;
		};
/* End XCVersionGroup section */
	};
	rootObject = 682EA2C815EB10B000BD6AD4 /* Project object */;
}
