
SPEC CHECKSUMS: 
  Reachability: 500bd76bf6cd8ff2c6fb715fc5f44ef6e4c024f2
  JSONKit: a01a22c75f27eae76b4badd55a91c20fe6e86477
  FRLayeredNavigationController: 6d2215a12bc9bea5e7cf9c918f3baa25dad08c6e
  AFNetworking: 758a1cb1ab5a0d22795ba1c44abb9cad395bc126
  GHUnitIOS: 937e638f56a7784bd047736358d18561c382d8ed
  OCMock: 77a9c4c57af6bf258a537d34cf09abf422affede

DEPENDENCIES: 
- AFNetworking
- FRLayeredNavigationController
- GHUnitIOS
- JSONKit
- OCMock
- Reachability

COCOAPODS: 0.15.1

PODS: 
- AFNetworking (1.0)
- FRLayeredNavigationController (0.4.1)
- GHUnitIOS (0.5.5)
- JSONKit (1.5pre)
- OCMock (2.0.1)
- Reachability (3.0.0)
