// !$*UTF8*$!
{
	archiveVersion = 1;
	classes = {
	};
	objectVersion = 46;
	objects = {

/* Begin PBXBuildFile section */
		681FE39D15873A8800B752C9 /* A3iPadBatteryLifeViewController.m in Sources */ = {isa = PBXBuildFile; fileRef = 681FE39C15873A8800B752C9 /* A3iPadBatteryLifeViewController.m */; };
		681FE3A115873C1500B752C9 /* icon_sc_home_on.png in Resources */ = {isa = PBXBuildFile; fileRef = 681FE39F15873C1500B752C9 /* icon_sc_home_on.png */; };
		681FE3A215873C1500B752C9 /* icon_sc_home.png in Resources */ = {isa = PBXBuildFile; fileRef = 681FE3A015873C1500B752C9 /* icon_sc_home.png */; };
		681FE3AD1587424800B752C9 /* icon_sc_cal_on.png in Resources */ = {isa = PBXBuildFile; fileRef = 681FE3A51587424800B752C9 /* icon_sc_cal_on.png */; };
		681FE3AE1587424800B752C9 /* icon_sc_cal.png in Resources */ = {isa = PBXBuildFile; fileRef = 681FE3A61587424800B752C9 /* icon_sc_cal.png */; };
		681FE3AF1587424800B752C9 /* icon_sc_calc_on.png in Resources */ = {isa = PBXBuildFile; fileRef = 681FE3A71587424800B752C9 /* icon_sc_calc_on.png */; };
		681FE3B01587424800B752C9 /* icon_sc_calc.png in Resources */ = {isa = PBXBuildFile; fileRef = 681FE3A81587424800B752C9 /* icon_sc_calc.png */; };
		681FE3B11587424800B752C9 /* icon_sc_flashlight_on.png in Resources */ = {isa = PBXBuildFile; fileRef = 681FE3A91587424800B752C9 /* icon_sc_flashlight_on.png */; };
		681FE3B21587424800B752C9 /* icon_sc_flashlight.png in Resources */ = {isa = PBXBuildFile; fileRef = 681FE3AA1587424800B752C9 /* icon_sc_flashlight.png */; };
		681FE3B31587424800B752C9 /* icon_sc_search_on.png in Resources */ = {isa = PBXBuildFile; fileRef = 681FE3AB1587424800B752C9 /* icon_sc_search_on.png */; };
		681FE3B41587424800B752C9 /* icon_sc_search.png in Resources */ = {isa = PBXBuildFile; fileRef = 681FE3AC1587424800B752C9 /* icon_sc_search.png */; };
		6836D416159EB1A700F46394 /* A3CalculatorViewController.m in Sources */ = {isa = PBXBuildFile; fileRef = 6836D415159EB1A700F46394 /* A3CalculatorViewController.m */; };
		68740173158980DB002B2C92 /* icon_sc_magnifier_on.png in Resources */ = {isa = PBXBuildFile; fileRef = 6874016F158980DB002B2C92 /* icon_sc_magnifier_on.png */; };
		68740174158980DB002B2C92 /* icon_sc_magnifier.png in Resources */ = {isa = PBXBuildFile; fileRef = 68740170158980DB002B2C92 /* icon_sc_magnifier.png */; };
		68740175158980DB002B2C92 /* icon_sc_mirror_on.png in Resources */ = {isa = PBXBuildFile; fileRef = 68740171158980DB002B2C92 /* icon_sc_mirror_on.png */; };
		68740176158980DB002B2C92 /* icon_sc_mirror.png in Resources */ = {isa = PBXBuildFile; fileRef = 68740172158980DB002B2C92 /* icon_sc_mirror.png */; };
		6874017D15898241002B2C92 /* icon_sc_home_edit_on.png in Resources */ = {isa = PBXBuildFile; fileRef = 6874017815898241002B2C92 /* icon_sc_home_edit_on.png */; };
		6874017E15898241002B2C92 /* icon_sc_info_on.png in Resources */ = {isa = PBXBuildFile; fileRef = 6874017915898241002B2C92 /* icon_sc_info_on.png */; };
		6874017F15898241002B2C92 /* icon_sc_info.png in Resources */ = {isa = PBXBuildFile; fileRef = 6874017A15898241002B2C92 /* icon_sc_info.png */; };
		6874018015898241002B2C92 /* icon_sc_settings_on.png in Resources */ = {isa = PBXBuildFile; fileRef = 6874017B15898241002B2C92 /* icon_sc_settings_on.png */; };
		6874018115898241002B2C92 /* icon_sc_settings.png in Resources */ = {isa = PBXBuildFile; fileRef = 6874017C15898241002B2C92 /* icon_sc_settings.png */; };
		6874018E15898480002B2C92 /* app_clock_32.png in Resources */ = {isa = PBXBuildFile; fileRef = 6874018215898480002B2C92 /* app_clock_32.png */; };
		6874018F15898480002B2C92 /* app_currency_32.png in Resources */ = {isa = PBXBuildFile; fileRef = 6874018315898480002B2C92 /* app_currency_32.png */; };
		6874019015898480002B2C92 /* app_diary_32.png in Resources */ = {isa = PBXBuildFile; fileRef = 6874018415898480002B2C92 /* app_diary_32.png */; };
		6874019115898480002B2C92 /* app_event_32.png in Resources */ = {isa = PBXBuildFile; fileRef = 6874018515898480002B2C92 /* app_event_32.png */; };
		6874019215898480002B2C92 /* app_loan_32.png in Resources */ = {isa = PBXBuildFile; fileRef = 6874018615898480002B2C92 /* app_loan_32.png */; };
		6874019315898480002B2C92 /* app_pCal_32.png in Resources */ = {isa = PBXBuildFile; fileRef = 6874018715898480002B2C92 /* app_pCal_32.png */; };
		6874019415898480002B2C92 /* app_photo_32.png in Resources */ = {isa = PBXBuildFile; fileRef = 6874018815898480002B2C92 /* app_photo_32.png */; };
		6874019515898480002B2C92 /* app_ruler_32.png in Resources */ = {isa = PBXBuildFile; fileRef = 6874018915898480002B2C92 /* app_ruler_32.png */; };
		6874019615898480002B2C92 /* app_systeminfo_32.png in Resources */ = {isa = PBXBuildFile; fileRef = 6874018A15898480002B2C92 /* app_systeminfo_32.png */; };
		6874019715898480002B2C92 /* app_translator_32.png in Resources */ = {isa = PBXBuildFile; fileRef = 6874018B15898480002B2C92 /* app_translator_32.png */; };
		6874019815898480002B2C92 /* app_unit_32.png in Resources */ = {isa = PBXBuildFile; fileRef = 6874018C15898480002B2C92 /* app_unit_32.png */; };
		6874019915898480002B2C92 /* app_wallet_32.png in Resources */ = {isa = PBXBuildFile; fileRef = 6874018D15898480002B2C92 /* app_wallet_32.png */; };
		687401B01589BCF9002B2C92 /* AppBoxPro2.xcdatamodeld in Sources */ = {isa = PBXBuildFile; fileRef = 687401AE1589BCF9002B2C92 /* AppBoxPro2.xcdatamodeld */; };
		6875CD0C1577247300A706CA /* AppBoxPro2.sqlite in Resources */ = {isa = PBXBuildFile; fileRef = 68CEABB415747ABD00E57738 /* AppBoxPro2.sqlite */; };
		6875CD0D1577247600A706CA /* AppBoxPro2.sqlite in Resources */ = {isa = PBXBuildFile; fileRef = 68CEABB415747ABD00E57738 /* AppBoxPro2.sqlite */; };
		689FF9CC15859D3C004A3CD4 /* A3Utilities.m in Sources */ = {isa = PBXBuildFile; fileRef = 689FF9CB15859D3C004A3CD4 /* A3Utilities.m */; };
		689FF9CF1586048D004A3CD4 /* A3RowSeparatorView.m in Sources */ = {isa = PBXBuildFile; fileRef = 689FF9CE1586048D004A3CD4 /* A3RowSeparatorView.m */; };
		68A15328159041E6007E1D8B /* SearchViewiPad.xib in Resources */ = {isa = PBXBuildFile; fileRef = 68A15327159041E6007E1D8B /* SearchViewiPad.xib */; };
		68A1533715904670007E1D8B /* A3SearchIPADViewController.m in Sources */ = {isa = PBXBuildFile; fileRef = 68A1533615904670007E1D8B /* A3SearchIPADViewController.m */; };
		68C1235C1547BD3100150EF2 /* UIKit.framework in Frameworks */ = {isa = PBXBuildFile; fileRef = 68C1235B1547BD3100150EF2 /* UIKit.framework */; };
		68C1235E1547BD3100150EF2 /* Foundation.framework in Frameworks */ = {isa = PBXBuildFile; fileRef = 68C1235D1547BD3100150EF2 /* Foundation.framework */; };
		68C123601547BD3100150EF2 /* CoreGraphics.framework in Frameworks */ = {isa = PBXBuildFile; fileRef = 68C1235F1547BD3100150EF2 /* CoreGraphics.framework */; };
		68C123621547BD3100150EF2 /* CoreData.framework in Frameworks */ = {isa = PBXBuildFile; fileRef = 68C123611547BD3100150EF2 /* CoreData.framework */; };
		68C123681547BD3100150EF2 /* InfoPlist.strings in Resources */ = {isa = PBXBuildFile; fileRef = 68C123661547BD3100150EF2 /* InfoPlist.strings */; };
		68C1236A1547BD3100150EF2 /* main.m in Sources */ = {isa = PBXBuildFile; fileRef = 68C123691547BD3100150EF2 /* main.m */; };
		68C1236E1547BD3100150EF2 /* A3AppDelegate.m in Sources */ = {isa = PBXBuildFile; fileRef = 68C1236D1547BD3100150EF2 /* A3AppDelegate.m */; };
		68C123711547BD3100150EF2 /* MainStoryboard_iPhone.storyboard in Resources */ = {isa = PBXBuildFile; fileRef = 68C1236F1547BD3100150EF2 /* MainStoryboard_iPhone.storyboard */; };
		68C123741547BD3100150EF2 /* MainStoryboard_iPad.storyboard in Resources */ = {isa = PBXBuildFile; fileRef = 68C123721547BD3100150EF2 /* MainStoryboard_iPad.storyboard */; };
		68C1237A1547BD3100150EF2 /* A3MainViewController.m in Sources */ = {isa = PBXBuildFile; fileRef = 68C123791547BD3100150EF2 /* A3MainViewController.m */; };
		68C123851547BD3100150EF2 /* SenTestingKit.framework in Frameworks */ = {isa = PBXBuildFile; fileRef = 68C123841547BD3100150EF2 /* SenTestingKit.framework */; };
		68C123861547BD3100150EF2 /* UIKit.framework in Frameworks */ = {isa = PBXBuildFile; fileRef = 68C1235B1547BD3100150EF2 /* UIKit.framework */; };
		68C123871547BD3100150EF2 /* Foundation.framework in Frameworks */ = {isa = PBXBuildFile; fileRef = 68C1235D1547BD3100150EF2 /* Foundation.framework */; };
		68C123881547BD3100150EF2 /* CoreData.framework in Frameworks */ = {isa = PBXBuildFile; fileRef = 68C123611547BD3100150EF2 /* CoreData.framework */; };
		68C123901547BD3100150EF2 /* InfoPlist.strings in Resources */ = {isa = PBXBuildFile; fileRef = 68C1238E1547BD3100150EF2 /* InfoPlist.strings */; };
		68C123931547BD3100150EF2 /* AppBoxPro2Tests.m in Sources */ = {isa = PBXBuildFile; fileRef = 68C123921547BD3100150EF2 /* AppBoxPro2Tests.m */; };
		68DBDCB515984480006AE286 /* green_check_in_circle.png in Resources */ = {isa = PBXBuildFile; fileRef = 68DBDCB415984480006AE286 /* green_check_in_circle.png */; };
		68E79A87156A69AC001BED0C /* CoolButton.m in Sources */ = {isa = PBXBuildFile; fileRef = 68E79A86156A69AC001BED0C /* CoolButton.m */; };
		68E79A8A156A6EC1001BED0C /* QuartzCore.framework in Frameworks */ = {isa = PBXBuildFile; fileRef = 68E79A89156A6EC1001BED0C /* QuartzCore.framework */; };
		68E79A8A156A6EC1001BED0E /* A3BundleDataController.m in Sources */ = {isa = PBXBuildFile; fileRef = 68E79A8A156A6EC1001BED0D /* A3BundleDataController.m */; };
		68E79A8A156A6EC1001BED11 /* (null) in Sources */ = {isa = PBXBuildFile; };
		68E79A8A156A6EC1001BED14 /* (null) in Sources */ = {isa = PBXBuildFile; };
		68E79A8A156A6EC1001BED17 /* (null) in Sources */ = {isa = PBXBuildFile; };
		68E79A8A156A6EC1001BED1A /* (null) in Sources */ = {isa = PBXBuildFile; };
		68E79A8A156A6EC1001BED1D /* (null) in Sources */ = {isa = PBXBuildFile; };
		68E79A8A156A6EC1001BED20 /* (null) in Sources */ = {isa = PBXBuildFile; };
		68EEC8DE158EB840000D3661 /* MenuView.xib in Resources */ = {isa = PBXBuildFile; fileRef = 68EEC8DD158EB840000D3661 /* MenuView.xib */; };
		68EEC8EE158EFD07000D3661 /* libFRLayeredNavigationController.a in Frameworks */ = {isa = PBXBuildFile; fileRef = 68EEC8ED158EFD07000D3661 /* libFRLayeredNavigationController.a */; };
		68F91CE1157CB2DF00BB373D /* MenuGroup.m in Sources */ = {isa = PBXBuildFile; fileRef = 68F91CE0157CB2DF00BB373D /* MenuGroup.m */; };
		68F91CE6157CB30F00BB373D /* MenuItem.m in Sources */ = {isa = PBXBuildFile; fileRef = 68F91CE5157CB30F00BB373D /* MenuItem.m */; };
/* End PBXBuildFile section */

/* Begin PBXContainerItemProxy section */
		680478FB1591BBD4000DFB84 /* PBXContainerItemProxy */ = {
			isa = PBXContainerItemProxy;
			containerPortal = 68EEC8E0158EFC67000D3661 /* FRLayeredNavigationController.xcodeproj */;
			proxyType = 1;
			remoteGlobalIDString = DA4FACC515591AB300D85A7E;
			remoteInfo = FRLayeredNavigationController;
		};
		68C123891547BD3100150EF2 /* PBXContainerItemProxy */ = {
			isa = PBXContainerItemProxy;
			containerPortal = 68C1234E1547BD3100150EF2 /* Project object */;
			proxyType = 1;
			remoteGlobalIDString = 68C123561547BD3100150EF2;
			remoteInfo = AppBoxPro2;
		};
		68EEC901158F1FF3000D3661 /* PBXContainerItemProxy */ = {
			isa = PBXContainerItemProxy;
			containerPortal = 68EEC8E0158EFC67000D3661 /* FRLayeredNavigationController.xcodeproj */;
			proxyType = 2;
			remoteGlobalIDString = DA4FACC615591AB300D85A7E;
			remoteInfo = FRLayeredNavigationController;
		};
		68EEC903158F1FF3000D3661 /* PBXContainerItemProxy */ = {
			isa = PBXContainerItemProxy;
			containerPortal = 68EEC8E0158EFC67000D3661 /* FRLayeredNavigationController.xcodeproj */;
			proxyType = 2;
			remoteGlobalIDString = DA4FAD0215591BD500D85A7E;
			remoteInfo = FRLayeredNavigationControllerDemo;
		};
/* End PBXContainerItemProxy section */

/* Begin PBXFileReference section */
		681FE39B15873A8800B752C9 /* A3iPadBatteryLifeViewController.h */ = {isa = PBXFileReference; fileEncoding = 4; lastKnownFileType = sourcecode.c.h; path = A3iPadBatteryLifeViewController.h; sourceTree = "<group>"; };
		681FE39C15873A8800B752C9 /* A3iPadBatteryLifeViewController.m */ = {isa = PBXFileReference; fileEncoding = 4; lastKnownFileType = sourcecode.c.objc; path = A3iPadBatteryLifeViewController.m; sourceTree = "<group>"; };
		681FE39F15873C1500B752C9 /* icon_sc_home_on.png */ = {isa = PBXFileReference; lastKnownFileType = image.png; name = icon_sc_home_on.png; path = resources/icons/icon_sc_home_on.png; sourceTree = "<group>"; };
		681FE3A015873C1500B752C9 /* icon_sc_home.png */ = {isa = PBXFileReference; lastKnownFileType = image.png; name = icon_sc_home.png; path = resources/icons/icon_sc_home.png; sourceTree = "<group>"; };
		681FE3A51587424800B752C9 /* icon_sc_cal_on.png */ = {isa = PBXFileReference; lastKnownFileType = image.png; name = icon_sc_cal_on.png; path = resources/icons/icon_sc_cal_on.png; sourceTree = "<group>"; };
		681FE3A61587424800B752C9 /* icon_sc_cal.png */ = {isa = PBXFileReference; lastKnownFileType = image.png; name = icon_sc_cal.png; path = resources/icons/icon_sc_cal.png; sourceTree = "<group>"; };
		681FE3A71587424800B752C9 /* icon_sc_calc_on.png */ = {isa = PBXFileReference; lastKnownFileType = image.png; name = icon_sc_calc_on.png; path = resources/icons/icon_sc_calc_on.png; sourceTree = "<group>"; };
		681FE3A81587424800B752C9 /* icon_sc_calc.png */ = {isa = PBXFileReference; lastKnownFileType = image.png; name = icon_sc_calc.png; path = resources/icons/icon_sc_calc.png; sourceTree = "<group>"; };
		681FE3A91587424800B752C9 /* icon_sc_flashlight_on.png */ = {isa = PBXFileReference; lastKnownFileType = image.png; name = icon_sc_flashlight_on.png; path = resources/icons/icon_sc_flashlight_on.png; sourceTree = "<group>"; };
		681FE3AA1587424800B752C9 /* icon_sc_flashlight.png */ = {isa = PBXFileReference; lastKnownFileType = image.png; name = icon_sc_flashlight.png; path = resources/icons/icon_sc_flashlight.png; sourceTree = "<group>"; };
		681FE3AB1587424800B752C9 /* icon_sc_search_on.png */ = {isa = PBXFileReference; lastKnownFileType = image.png; name = icon_sc_search_on.png; path = resources/icons/icon_sc_search_on.png; sourceTree = "<group>"; };
		681FE3AC1587424800B752C9 /* icon_sc_search.png */ = {isa = PBXFileReference; lastKnownFileType = image.png; name = icon_sc_search.png; path = resources/icons/icon_sc_search.png; sourceTree = "<group>"; };
		6836D414159EB1A700F46394 /* A3CalculatorViewController.h */ = {isa = PBXFileReference; fileEncoding = 4; lastKnownFileType = sourcecode.c.h; path = A3CalculatorViewController.h; sourceTree = "<group>"; };
		6836D415159EB1A700F46394 /* A3CalculatorViewController.m */ = {isa = PBXFileReference; fileEncoding = 4; lastKnownFileType = sourcecode.c.objc; path = A3CalculatorViewController.m; sourceTree = "<group>"; };
		6874016F158980DB002B2C92 /* icon_sc_magnifier_on.png */ = {isa = PBXFileReference; lastKnownFileType = image.png; name = icon_sc_magnifier_on.png; path = resources/icons/icon_sc_magnifier_on.png; sourceTree = "<group>"; };
		68740170158980DB002B2C92 /* icon_sc_magnifier.png */ = {isa = PBXFileReference; lastKnownFileType = image.png; name = icon_sc_magnifier.png; path = resources/icons/icon_sc_magnifier.png; sourceTree = "<group>"; };
		68740171158980DB002B2C92 /* icon_sc_mirror_on.png */ = {isa = PBXFileReference; lastKnownFileType = image.png; name = icon_sc_mirror_on.png; path = resources/icons/icon_sc_mirror_on.png; sourceTree = "<group>"; };
		68740172158980DB002B2C92 /* icon_sc_mirror.png */ = {isa = PBXFileReference; lastKnownFileType = image.png; name = icon_sc_mirror.png; path = resources/icons/icon_sc_mirror.png; sourceTree = "<group>"; };
		6874017815898241002B2C92 /* icon_sc_home_edit_on.png */ = {isa = PBXFileReference; lastKnownFileType = image.png; name = icon_sc_home_edit_on.png; path = resources/icons/icon_sc_home_edit_on.png; sourceTree = "<group>"; };
		6874017915898241002B2C92 /* icon_sc_info_on.png */ = {isa = PBXFileReference; lastKnownFileType = image.png; name = icon_sc_info_on.png; path = resources/icons/icon_sc_info_on.png; sourceTree = "<group>"; };
		6874017A15898241002B2C92 /* icon_sc_info.png */ = {isa = PBXFileReference; lastKnownFileType = image.png; name = icon_sc_info.png; path = resources/icons/icon_sc_info.png; sourceTree = "<group>"; };
		6874017B15898241002B2C92 /* icon_sc_settings_on.png */ = {isa = PBXFileReference; lastKnownFileType = image.png; name = icon_sc_settings_on.png; path = resources/icons/icon_sc_settings_on.png; sourceTree = "<group>"; };
		6874017C15898241002B2C92 /* icon_sc_settings.png */ = {isa = PBXFileReference; lastKnownFileType = image.png; name = icon_sc_settings.png; path = resources/icons/icon_sc_settings.png; sourceTree = "<group>"; };
		6874018215898480002B2C92 /* app_clock_32.png */ = {isa = PBXFileReference; lastKnownFileType = image.png; name = app_clock_32.png; path = resources/icons/app_clock_32.png; sourceTree = "<group>"; };
		6874018315898480002B2C92 /* app_currency_32.png */ = {isa = PBXFileReference; lastKnownFileType = image.png; name = app_currency_32.png; path = resources/icons/app_currency_32.png; sourceTree = "<group>"; };
		6874018415898480002B2C92 /* app_diary_32.png */ = {isa = PBXFileReference; lastKnownFileType = image.png; name = app_diary_32.png; path = resources/icons/app_diary_32.png; sourceTree = "<group>"; };
		6874018515898480002B2C92 /* app_event_32.png */ = {isa = PBXFileReference; lastKnownFileType = image.png; name = app_event_32.png; path = resources/icons/app_event_32.png; sourceTree = "<group>"; };
		6874018615898480002B2C92 /* app_loan_32.png */ = {isa = PBXFileReference; lastKnownFileType = image.png; name = app_loan_32.png; path = resources/icons/app_loan_32.png; sourceTree = "<group>"; };
		6874018715898480002B2C92 /* app_pCal_32.png */ = {isa = PBXFileReference; lastKnownFileType = image.png; name = app_pCal_32.png; path = resources/icons/app_pCal_32.png; sourceTree = "<group>"; };
		6874018815898480002B2C92 /* app_photo_32.png */ = {isa = PBXFileReference; lastKnownFileType = image.png; name = app_photo_32.png; path = resources/icons/app_photo_32.png; sourceTree = "<group>"; };
		6874018915898480002B2C92 /* app_ruler_32.png */ = {isa = PBXFileReference; lastKnownFileType = image.png; name = app_ruler_32.png; path = resources/icons/app_ruler_32.png; sourceTree = "<group>"; };
		6874018A15898480002B2C92 /* app_systeminfo_32.png */ = {isa = PBXFileReference; lastKnownFileType = image.png; name = app_systeminfo_32.png; path = resources/icons/app_systeminfo_32.png; sourceTree = "<group>"; };
		6874018B15898480002B2C92 /* app_translator_32.png */ = {isa = PBXFileReference; lastKnownFileType = image.png; name = app_translator_32.png; path = resources/icons/app_translator_32.png; sourceTree = "<group>"; };
		6874018C15898480002B2C92 /* app_unit_32.png */ = {isa = PBXFileReference; lastKnownFileType = image.png; name = app_unit_32.png; path = resources/icons/app_unit_32.png; sourceTree = "<group>"; };
		6874018D15898480002B2C92 /* app_wallet_32.png */ = {isa = PBXFileReference; lastKnownFileType = image.png; name = app_wallet_32.png; path = resources/icons/app_wallet_32.png; sourceTree = "<group>"; };
		687401AF1589BCF9002B2C92 /* AppBoxPro2.xcdatamodel */ = {isa = PBXFileReference; lastKnownFileType = wrapper.xcdatamodel; path = AppBoxPro2.xcdatamodel; sourceTree = "<group>"; };
		687401C4158C281B002B2C92 /* CommonUIDefinitions.h */ = {isa = PBXFileReference; lastKnownFileType = sourcecode.c.h; path = CommonUIDefinitions.h; sourceTree = "<group>"; };
		689FF9CA15859D3C004A3CD4 /* A3Utilities.h */ = {isa = PBXFileReference; fileEncoding = 4; lastKnownFileType = sourcecode.c.h; path = A3Utilities.h; sourceTree = "<group>"; };
		689FF9CB15859D3C004A3CD4 /* A3Utilities.m */ = {isa = PBXFileReference; fileEncoding = 4; lastKnownFileType = sourcecode.c.objc; path = A3Utilities.m; sourceTree = "<group>"; };
		689FF9CD1586048D004A3CD4 /* A3RowSeparatorView.h */ = {isa = PBXFileReference; fileEncoding = 4; lastKnownFileType = sourcecode.c.h; path = A3RowSeparatorView.h; sourceTree = "<group>"; };
		689FF9CE1586048D004A3CD4 /* A3RowSeparatorView.m */ = {isa = PBXFileReference; fileEncoding = 4; lastKnownFileType = sourcecode.c.objc; path = A3RowSeparatorView.m; sourceTree = "<group>"; };
		68A15327159041E6007E1D8B /* SearchViewiPad.xib */ = {isa = PBXFileReference; fileEncoding = 4; lastKnownFileType = file.xib; path = SearchViewiPad.xib; sourceTree = "<group>"; };
		68A1533515904670007E1D8B /* A3SearchIPADViewController.h */ = {isa = PBXFileReference; fileEncoding = 4; lastKnownFileType = sourcecode.c.h; path = A3SearchIPADViewController.h; sourceTree = "<group>"; };
		68A1533615904670007E1D8B /* A3SearchIPADViewController.m */ = {isa = PBXFileReference; fileEncoding = 4; lastKnownFileType = sourcecode.c.objc; path = A3SearchIPADViewController.m; sourceTree = "<group>"; };
		68C123571547BD3100150EF2 /* AppBoxPro2.app */ = {isa = PBXFileReference; explicitFileType = wrapper.application; includeInIndex = 0; path = AppBoxPro2.app; sourceTree = BUILT_PRODUCTS_DIR; };
		68C1235B1547BD3100150EF2 /* UIKit.framework */ = {isa = PBXFileReference; lastKnownFileType = wrapper.framework; name = UIKit.framework; path = System/Library/Frameworks/UIKit.framework; sourceTree = SDKROOT; };
		68C1235D1547BD3100150EF2 /* Foundation.framework */ = {isa = PBXFileReference; lastKnownFileType = wrapper.framework; name = Foundation.framework; path = System/Library/Frameworks/Foundation.framework; sourceTree = SDKROOT; };
		68C1235F1547BD3100150EF2 /* CoreGraphics.framework */ = {isa = PBXFileReference; lastKnownFileType = wrapper.framework; name = CoreGraphics.framework; path = System/Library/Frameworks/CoreGraphics.framework; sourceTree = SDKROOT; };
		68C123611547BD3100150EF2 /* CoreData.framework */ = {isa = PBXFileReference; lastKnownFileType = wrapper.framework; name = CoreData.framework; path = System/Library/Frameworks/CoreData.framework; sourceTree = SDKROOT; };
		68C123651547BD3100150EF2 /* AppBoxPro2-Info.plist */ = {isa = PBXFileReference; lastKnownFileType = text.plist.xml; path = "AppBoxPro2-Info.plist"; sourceTree = "<group>"; };
		68C123671547BD3100150EF2 /* en */ = {isa = PBXFileReference; lastKnownFileType = text.plist.strings; name = en; path = en.lproj/InfoPlist.strings; sourceTree = "<group>"; };
		68C123691547BD3100150EF2 /* main.m */ = {isa = PBXFileReference; lastKnownFileType = sourcecode.c.objc; path = main.m; sourceTree = "<group>"; };
		68C1236B1547BD3100150EF2 /* AppBoxPro2-Prefix.pch */ = {isa = PBXFileReference; lastKnownFileType = sourcecode.c.h; path = "AppBoxPro2-Prefix.pch"; sourceTree = "<group>"; };
		68C1236C1547BD3100150EF2 /* A3AppDelegate.h */ = {isa = PBXFileReference; lastKnownFileType = sourcecode.c.h; path = A3AppDelegate.h; sourceTree = "<group>"; };
		68C1236D1547BD3100150EF2 /* A3AppDelegate.m */ = {isa = PBXFileReference; lastKnownFileType = sourcecode.c.objc; path = A3AppDelegate.m; sourceTree = "<group>"; };
		68C123701547BD3100150EF2 /* en */ = {isa = PBXFileReference; lastKnownFileType = file.storyboard; name = en; path = en.lproj/MainStoryboard_iPhone.storyboard; sourceTree = "<group>"; };
		68C123731547BD3100150EF2 /* en */ = {isa = PBXFileReference; lastKnownFileType = file.storyboard; name = en; path = en.lproj/MainStoryboard_iPad.storyboard; sourceTree = "<group>"; };
		68C123781547BD3100150EF2 /* A3MainViewController.h */ = {isa = PBXFileReference; lastKnownFileType = sourcecode.c.h; path = A3MainViewController.h; sourceTree = "<group>"; };
		68C123791547BD3100150EF2 /* A3MainViewController.m */ = {isa = PBXFileReference; lastKnownFileType = sourcecode.c.objc; path = A3MainViewController.m; sourceTree = "<group>"; };
		68C123831547BD3100150EF2 /* AppBoxPro2Tests.octest */ = {isa = PBXFileReference; explicitFileType = wrapper.cfbundle; includeInIndex = 0; path = AppBoxPro2Tests.octest; sourceTree = BUILT_PRODUCTS_DIR; };
		68C123841547BD3100150EF2 /* SenTestingKit.framework */ = {isa = PBXFileReference; lastKnownFileType = wrapper.framework; name = SenTestingKit.framework; path = Library/Frameworks/SenTestingKit.framework; sourceTree = DEVELOPER_DIR; };
		68C1238D1547BD3100150EF2 /* AppBoxPro2Tests-Info.plist */ = {isa = PBXFileReference; lastKnownFileType = text.plist.xml; path = "AppBoxPro2Tests-Info.plist"; sourceTree = "<group>"; };
		68C1238F1547BD3100150EF2 /* en */ = {isa = PBXFileReference; lastKnownFileType = text.plist.strings; name = en; path = en.lproj/InfoPlist.strings; sourceTree = "<group>"; };
		68C123911547BD3100150EF2 /* AppBoxPro2Tests.h */ = {isa = PBXFileReference; lastKnownFileType = sourcecode.c.h; path = AppBoxPro2Tests.h; sourceTree = "<group>"; };
		68C123921547BD3100150EF2 /* AppBoxPro2Tests.m */ = {isa = PBXFileReference; lastKnownFileType = sourcecode.c.objc; path = AppBoxPro2Tests.m; sourceTree = "<group>"; };
		68CEABB415747ABD00E57738 /* AppBoxPro2.sqlite */ = {isa = PBXFileReference; lastKnownFileType = file; name = AppBoxPro2.sqlite; path = AppBoxPro2/AppBoxPro2.sqlite; sourceTree = SOURCE_ROOT; };
		68DBDCB415984480006AE286 /* green_check_in_circle.png */ = {isa = PBXFileReference; lastKnownFileType = image.png; name = green_check_in_circle.png; path = resources/icons/green_check_in_circle.png; sourceTree = "<group>"; };
		68E79A85156A69AC001BED0C /* CoolButton.h */ = {isa = PBXFileReference; fileEncoding = 4; lastKnownFileType = sourcecode.c.h; path = CoolButton.h; sourceTree = "<group>"; };
		68E79A86156A69AC001BED0C /* CoolButton.m */ = {isa = PBXFileReference; fileEncoding = 4; lastKnownFileType = sourcecode.c.objc; path = CoolButton.m; sourceTree = "<group>"; };
		68E79A89156A6EC1001BED0C /* QuartzCore.framework */ = {isa = PBXFileReference; lastKnownFileType = wrapper.framework; name = QuartzCore.framework; path = System/Library/Frameworks/QuartzCore.framework; sourceTree = SDKROOT; };
		68E79A8A156A6EC1001BED0D /* A3BundleDataController.m */ = {isa = PBXFileReference; fileEncoding = 4; lastKnownFileType = sourcecode.c.objc; path = A3BundleDataController.m; sourceTree = "<group>"; };
		68E79A8A156A6EC1001BED0F /* A3BundleDataController.h */ = {isa = PBXFileReference; fileEncoding = 4; lastKnownFileType = sourcecode.c.h; path = A3BundleDataController.h; sourceTree = "<group>"; };
		68EEC8DD158EB840000D3661 /* MenuView.xib */ = {isa = PBXFileReference; fileEncoding = 4; lastKnownFileType = file.xib; path = MenuView.xib; sourceTree = "<group>"; };
		68EEC8E0158EFC67000D3661 /* FRLayeredNavigationController.xcodeproj */ = {isa = PBXFileReference; lastKnownFileType = "wrapper.pb-project"; name = FRLayeredNavigationController.xcodeproj; path = ../FRLayeredNavigationController/FRLayeredNavigationController.xcodeproj; sourceTree = "<group>"; };
		68EEC8ED158EFD07000D3661 /* libFRLayeredNavigationController.a */ = {isa = PBXFileReference; lastKnownFileType = archive.ar; name = libFRLayeredNavigationController.a; path = "../FRLayeredNavigationController/build/Release-iphoneos/libFRLayeredNavigationController.a"; sourceTree = "<group>"; };
		68F91CDF157CB2DF00BB373D /* MenuGroup.h */ = {isa = PBXFileReference; fileEncoding = 4; lastKnownFileType = sourcecode.c.h; name = MenuGroup.h; path = Models/MenuGroup.h; sourceTree = "<group>"; };
		68F91CE0157CB2DF00BB373D /* MenuGroup.m */ = {isa = PBXFileReference; fileEncoding = 4; lastKnownFileType = sourcecode.c.objc; name = MenuGroup.m; path = Models/MenuGroup.m; sourceTree = "<group>"; };
		68F91CE4157CB30F00BB373D /* MenuItem.h */ = {isa = PBXFileReference; fileEncoding = 4; lastKnownFileType = sourcecode.c.h; name = MenuItem.h; path = Models/MenuItem.h; sourceTree = "<group>"; };
		68F91CE5157CB30F00BB373D /* MenuItem.m */ = {isa = PBXFileReference; fileEncoding = 4; lastKnownFileType = sourcecode.c.objc; name = MenuItem.m; path = Models/MenuItem.m; sourceTree = "<group>"; };
		68F91CEB157CCD0600BB373D /* common.h */ = {isa = PBXFileReference; lastKnownFileType = sourcecode.c.h; path = common.h; sourceTree = "<group>"; };
/* End PBXFileReference section */

/* Begin PBXFrameworksBuildPhase section */
		68C123541547BD3100150EF2 /* Frameworks */ = {
			isa = PBXFrameworksBuildPhase;
			buildActionMask = 2147483647;
			files = (
				68EEC8EE158EFD07000D3661 /* libFRLayeredNavigationController.a in Frameworks */,
				68E79A8A156A6EC1001BED0C /* QuartzCore.framework in Frameworks */,
				68C1235C1547BD3100150EF2 /* UIKit.framework in Frameworks */,
				68C1235E1547BD3100150EF2 /* Foundation.framework in Frameworks */,
				68C123601547BD3100150EF2 /* CoreGraphics.framework in Frameworks */,
				68C123621547BD3100150EF2 /* CoreData.framework in Frameworks */,
			);
			runOnlyForDeploymentPostprocessing = 0;
		};
		68C1237F1547BD3100150EF2 /* Frameworks */ = {
			isa = PBXFrameworksBuildPhase;
			buildActionMask = 2147483647;
			files = (
				68C123851547BD3100150EF2 /* SenTestingKit.framework in Frameworks */,
				68C123861547BD3100150EF2 /* UIKit.framework in Frameworks */,
				68C123871547BD3100150EF2 /* Foundation.framework in Frameworks */,
				68C123881547BD3100150EF2 /* CoreData.framework in Frameworks */,
			);
			runOnlyForDeploymentPostprocessing = 0;
		};
/* End PBXFrameworksBuildPhase section */

/* Begin PBXGroup section */
		681FE3A315873C2D00B752C9 /* Resources */ = {
			isa = PBXGroup;
			children = (
				681FE3A415873C4100B752C9 /* icons */,
			);
			name = Resources;
			sourceTree = "<group>";
		};
		681FE3A415873C4100B752C9 /* icons */ = {
			isa = PBXGroup;
			children = (
				68DBDCB415984480006AE286 /* green_check_in_circle.png */,
				6874017815898241002B2C92 /* icon_sc_home_edit_on.png */,
				6874017915898241002B2C92 /* icon_sc_info_on.png */,
				6874018215898480002B2C92 /* app_clock_32.png */,
				6874018315898480002B2C92 /* app_currency_32.png */,
				6874018415898480002B2C92 /* app_diary_32.png */,
				6874018515898480002B2C92 /* app_event_32.png */,
				6874018615898480002B2C92 /* app_loan_32.png */,
				6874018715898480002B2C92 /* app_pCal_32.png */,
				6874018815898480002B2C92 /* app_photo_32.png */,
				6874018915898480002B2C92 /* app_ruler_32.png */,
				6874018A15898480002B2C92 /* app_systeminfo_32.png */,
				6874018B15898480002B2C92 /* app_translator_32.png */,
				6874018C15898480002B2C92 /* app_unit_32.png */,
				6874018D15898480002B2C92 /* app_wallet_32.png */,
				6874017A15898241002B2C92 /* icon_sc_info.png */,
				6874017B15898241002B2C92 /* icon_sc_settings_on.png */,
				6874017C15898241002B2C92 /* icon_sc_settings.png */,
				6874016F158980DB002B2C92 /* icon_sc_magnifier_on.png */,
				68740170158980DB002B2C92 /* icon_sc_magnifier.png */,
				68740171158980DB002B2C92 /* icon_sc_mirror_on.png */,
				68740172158980DB002B2C92 /* icon_sc_mirror.png */,
				681FE3A51587424800B752C9 /* icon_sc_cal_on.png */,
				681FE3A61587424800B752C9 /* icon_sc_cal.png */,
				681FE3A71587424800B752C9 /* icon_sc_calc_on.png */,
				681FE3A81587424800B752C9 /* icon_sc_calc.png */,
				681FE3A91587424800B752C9 /* icon_sc_flashlight_on.png */,
				681FE3AA1587424800B752C9 /* icon_sc_flashlight.png */,
				681FE3AB1587424800B752C9 /* icon_sc_search_on.png */,
				681FE3AC1587424800B752C9 /* icon_sc_search.png */,
				681FE39F15873C1500B752C9 /* icon_sc_home_on.png */,
				681FE3A015873C1500B752C9 /* icon_sc_home.png */,
			);
			name = icons;
			sourceTree = "<group>";
		};
		68C1234C1547BD3100150EF2 = {
			isa = PBXGroup;
			children = (
				68C123631547BD3100150EF2 /* AppBoxPro2 */,
				68C1238B1547BD3100150EF2 /* AppBoxPro2Tests */,
				68C1235A1547BD3100150EF2 /* Frameworks */,
				68C123581547BD3100150EF2 /* Products */,
			);
			sourceTree = "<group>";
		};
		68C123581547BD3100150EF2 /* Products */ = {
			isa = PBXGroup;
			children = (
				68C123571547BD3100150EF2 /* AppBoxPro2.app */,
				68C123831547BD3100150EF2 /* AppBoxPro2Tests.octest */,
			);
			name = Products;
			sourceTree = "<group>";
		};
		68C1235A1547BD3100150EF2 /* Frameworks */ = {
			isa = PBXGroup;
			children = (
				68EEC8E0158EFC67000D3661 /* FRLayeredNavigationController.xcodeproj */,
				68EEC8ED158EFD07000D3661 /* libFRLayeredNavigationController.a */,
				68E79A89156A6EC1001BED0C /* QuartzCore.framework */,
				68C1235B1547BD3100150EF2 /* UIKit.framework */,
				68C1235D1547BD3100150EF2 /* Foundation.framework */,
				68C1235F1547BD3100150EF2 /* CoreGraphics.framework */,
				68C123611547BD3100150EF2 /* CoreData.framework */,
				68C123841547BD3100150EF2 /* SenTestingKit.framework */,
			);
			name = Frameworks;
			sourceTree = "<group>";
		};
		68C123631547BD3100150EF2 /* AppBoxPro2 */ = {
			isa = PBXGroup;
			children = (
				687401AE1589BCF9002B2C92 /* AppBoxPro2.xcdatamodeld */,
				68F91CEB157CCD0600BB373D /* common.h */,
				68E79A8A156A6EC1001BED0F /* A3BundleDataController.h */,
				68E79A8A156A6EC1001BED0D /* A3BundleDataController.m */,
				68E79A85156A69AC001BED0C /* CoolButton.h */,
				68E79A86156A69AC001BED0C /* CoolButton.m */,
				68C1236C1547BD3100150EF2 /* A3AppDelegate.h */,
				68C1236D1547BD3100150EF2 /* A3AppDelegate.m */,
				68C1236F1547BD3100150EF2 /* MainStoryboard_iPhone.storyboard */,
				68C123721547BD3100150EF2 /* MainStoryboard_iPad.storyboard */,
				68EEC8DD158EB840000D3661 /* MenuView.xib */,
				68C123781547BD3100150EF2 /* A3MainViewController.h */,
				68C123791547BD3100150EF2 /* A3MainViewController.m */,
				689FF9CA15859D3C004A3CD4 /* A3Utilities.h */,
				689FF9CB15859D3C004A3CD4 /* A3Utilities.m */,
				68F91CE3157CB2E600BB373D /* Models */,
				681FE3A315873C2D00B752C9 /* Resources */,
				68C123641547BD3100150EF2 /* Supporting Files */,
				689FF9CD1586048D004A3CD4 /* A3RowSeparatorView.h */,
				689FF9CE1586048D004A3CD4 /* A3RowSeparatorView.m */,
				681FE39B15873A8800B752C9 /* A3iPadBatteryLifeViewController.h */,
				681FE39C15873A8800B752C9 /* A3iPadBatteryLifeViewController.m */,
				687401C4158C281B002B2C92 /* CommonUIDefinitions.h */,
				68A15327159041E6007E1D8B /* SearchViewiPad.xib */,
				68A1533515904670007E1D8B /* A3SearchIPADViewController.h */,
				68A1533615904670007E1D8B /* A3SearchIPADViewController.m */,
				6836D414159EB1A700F46394 /* A3CalculatorViewController.h */,
				6836D415159EB1A700F46394 /* A3CalculatorViewController.m */,
			);
			path = AppBoxPro2;
			sourceTree = "<group>";
		};
		68C123641547BD3100150EF2 /* Supporting Files */ = {
			isa = PBXGroup;
			children = (
				68CEABB415747ABD00E57738 /* AppBoxPro2.sqlite */,
				68C123651547BD3100150EF2 /* AppBoxPro2-Info.plist */,
				68C123661547BD3100150EF2 /* InfoPlist.strings */,
				68C123691547BD3100150EF2 /* main.m */,
				68C1236B1547BD3100150EF2 /* AppBoxPro2-Prefix.pch */,
			);
			name = "Supporting Files";
			sourceTree = "<group>";
		};
		68C1238B1547BD3100150EF2 /* AppBoxPro2Tests */ = {
			isa = PBXGroup;
			children = (
				68C123911547BD3100150EF2 /* AppBoxPro2Tests.h */,
				68C123921547BD3100150EF2 /* AppBoxPro2Tests.m */,
				68C1238C1547BD3100150EF2 /* Supporting Files */,
			);
			path = AppBoxPro2Tests;
			sourceTree = "<group>";
		};
		68C1238C1547BD3100150EF2 /* Supporting Files */ = {
			isa = PBXGroup;
			children = (
				68C1238D1547BD3100150EF2 /* AppBoxPro2Tests-Info.plist */,
				68C1238E1547BD3100150EF2 /* InfoPlist.strings */,
			);
			name = "Supporting Files";
			sourceTree = "<group>";
		};
		68EEC8FD158F1FF3000D3661 /* Products */ = {
			isa = PBXGroup;
			children = (
				68EEC902158F1FF3000D3661 /* libFRLayeredNavigationController.a */,
				68EEC904158F1FF3000D3661 /* FRLayeredNavigationControllerDemo.app */,
			);
			name = Products;
			sourceTree = "<group>";
		};
		68F91CE3157CB2E600BB373D /* Models */ = {
			isa = PBXGroup;
			children = (
				68F91CE4157CB30F00BB373D /* MenuItem.h */,
				68F91CE5157CB30F00BB373D /* MenuItem.m */,
				68F91CDF157CB2DF00BB373D /* MenuGroup.h */,
				68F91CE0157CB2DF00BB373D /* MenuGroup.m */,
			);
			name = Models;
			sourceTree = "<group>";
		};
/* End PBXGroup section */

/* Begin PBXNativeTarget section */
		68C123561547BD3100150EF2 /* AppBoxPro2 */ = {
			isa = PBXNativeTarget;
			buildConfigurationList = 68C123961547BD3100150EF2 /* Build configuration list for PBXNativeTarget "AppBoxPro2" */;
			buildPhases = (
				68C123531547BD3100150EF2 /* Sources */,
				68C123541547BD3100150EF2 /* Frameworks */,
				68C123551547BD3100150EF2 /* Resources */,
			);
			buildRules = (
			);
			dependencies = (
				680478FC1591BBD4000DFB84 /* PBXTargetDependency */,
			);
			name = AppBoxPro2;
			productName = AppBoxPro2;
			productReference = 68C123571547BD3100150EF2 /* AppBoxPro2.app */;
			productType = "com.apple.product-type.application";
		};
		68C123821547BD3100150EF2 /* AppBoxPro2Tests */ = {
			isa = PBXNativeTarget;
			buildConfigurationList = 68C123991547BD3100150EF2 /* Build configuration list for PBXNativeTarget "AppBoxPro2Tests" */;
			buildPhases = (
				68C1237E1547BD3100150EF2 /* Sources */,
				68C1237F1547BD3100150EF2 /* Frameworks */,
				68C123801547BD3100150EF2 /* Resources */,
				68C123811547BD3100150EF2 /* ShellScript */,
			);
			buildRules = (
			);
			dependencies = (
				68C1238A1547BD3100150EF2 /* PBXTargetDependency */,
			);
			name = AppBoxPro2Tests;
			productName = AppBoxPro2Tests;
			productReference = 68C123831547BD3100150EF2 /* AppBoxPro2Tests.octest */;
			productType = "com.apple.product-type.bundle";
		};
/* End PBXNativeTarget section */

/* Begin PBXProject section */
		68C1234E1547BD3100150EF2 /* Project object */ = {
			isa = PBXProject;
			attributes = {
				CLASSPREFIX = A3;
				LastUpgradeCheck = 0430;
				ORGANIZATIONNAME = ALLABOUTAPPS;
			};
			buildConfigurationList = 68C123511547BD3100150EF2 /* Build configuration list for PBXProject "AppBoxPro2" */;
			compatibilityVersion = "Xcode 3.2";
			developmentRegion = English;
			hasScannedForEncodings = 0;
			knownRegions = (
				en,
			);
			mainGroup = 68C1234C1547BD3100150EF2;
			productRefGroup = 68C123581547BD3100150EF2 /* Products */;
			projectDirPath = "";
			projectReferences = (
				{
					ProductGroup = 68EEC8FD158F1FF3000D3661 /* Products */;
					ProjectRef = 68EEC8E0158EFC67000D3661 /* FRLayeredNavigationController.xcodeproj */;
				},
			);
			projectRoot = "";
			targets = (
				68C123561547BD3100150EF2 /* AppBoxPro2 */,
				68C123821547BD3100150EF2 /* AppBoxPro2Tests */,
			);
		};
/* End PBXProject section */

/* Begin PBXReferenceProxy section */
		68EEC902158F1FF3000D3661 /* libFRLayeredNavigationController.a */ = {
			isa = PBXReferenceProxy;
			fileType = archive.ar;
			path = libFRLayeredNavigationController.a;
			remoteRef = 68EEC901158F1FF3000D3661 /* PBXContainerItemProxy */;
			sourceTree = BUILT_PRODUCTS_DIR;
		};
		68EEC904158F1FF3000D3661 /* FRLayeredNavigationControllerDemo.app */ = {
			isa = PBXReferenceProxy;
			fileType = wrapper.application;
			path = FRLayeredNavigationControllerDemo.app;
			remoteRef = 68EEC903158F1FF3000D3661 /* PBXContainerItemProxy */;
			sourceTree = BUILT_PRODUCTS_DIR;
		};
/* End PBXReferenceProxy section */

/* Begin PBXResourcesBuildPhase section */
		68C123551547BD3100150EF2 /* Resources */ = {
			isa = PBXResourcesBuildPhase;
			buildActionMask = 2147483647;
			files = (
				68C123681547BD3100150EF2 /* InfoPlist.strings in Resources */,
				68C123711547BD3100150EF2 /* MainStoryboard_iPhone.storyboard in Resources */,
				68C123741547BD3100150EF2 /* MainStoryboard_iPad.storyboard in Resources */,
				6875CD0C1577247300A706CA /* AppBoxPro2.sqlite in Resources */,
				681FE3A115873C1500B752C9 /* icon_sc_home_on.png in Resources */,
				681FE3A215873C1500B752C9 /* icon_sc_home.png in Resources */,
				681FE3AD1587424800B752C9 /* icon_sc_cal_on.png in Resources */,
				681FE3AE1587424800B752C9 /* icon_sc_cal.png in Resources */,
				681FE3AF1587424800B752C9 /* icon_sc_calc_on.png in Resources */,
				681FE3B01587424800B752C9 /* icon_sc_calc.png in Resources */,
				681FE3B11587424800B752C9 /* icon_sc_flashlight_on.png in Resources */,
				681FE3B21587424800B752C9 /* icon_sc_flashlight.png in Resources */,
				681FE3B31587424800B752C9 /* icon_sc_search_on.png in Resources */,
				681FE3B41587424800B752C9 /* icon_sc_search.png in Resources */,
				68740173158980DB002B2C92 /* icon_sc_magnifier_on.png in Resources */,
				68740174158980DB002B2C92 /* icon_sc_magnifier.png in Resources */,
				68740175158980DB002B2C92 /* icon_sc_mirror_on.png in Resources */,
				68740176158980DB002B2C92 /* icon_sc_mirror.png in Resources */,
				6874017D15898241002B2C92 /* icon_sc_home_edit_on.png in Resources */,
				6874017E15898241002B2C92 /* icon_sc_info_on.png in Resources */,
				6874017F15898241002B2C92 /* icon_sc_info.png in Resources */,
				6874018015898241002B2C92 /* icon_sc_settings_on.png in Resources */,
				6874018115898241002B2C92 /* icon_sc_settings.png in Resources */,
				6874018E15898480002B2C92 /* app_clock_32.png in Resources */,
				6874018F15898480002B2C92 /* app_currency_32.png in Resources */,
				6874019015898480002B2C92 /* app_diary_32.png in Resources */,
				6874019115898480002B2C92 /* app_event_32.png in Resources */,
				6874019215898480002B2C92 /* app_loan_32.png in Resources */,
				6874019315898480002B2C92 /* app_pCal_32.png in Resources */,
				6874019415898480002B2C92 /* app_photo_32.png in Resources */,
				6874019515898480002B2C92 /* app_ruler_32.png in Resources */,
				6874019615898480002B2C92 /* app_systeminfo_32.png in Resources */,
				6874019715898480002B2C92 /* app_translator_32.png in Resources */,
				6874019815898480002B2C92 /* app_unit_32.png in Resources */,
				6874019915898480002B2C92 /* app_wallet_32.png in Resources */,
				68EEC8DE158EB840000D3661 /* MenuView.xib in Resources */,
				68A15328159041E6007E1D8B /* SearchViewiPad.xib in Resources */,
				68DBDCB515984480006AE286 /* green_check_in_circle.png in Resources */,
			);
			runOnlyForDeploymentPostprocessing = 0;
		};
		68C123801547BD3100150EF2 /* Resources */ = {
			isa = PBXResourcesBuildPhase;
			buildActionMask = 2147483647;
			files = (
				68C123901547BD3100150EF2 /* InfoPlist.strings in Resources */,
				6875CD0D1577247600A706CA /* AppBoxPro2.sqlite in Resources */,
			);
			runOnlyForDeploymentPostprocessing = 0;
		};
/* End PBXResourcesBuildPhase section */

/* Begin PBXShellScriptBuildPhase section */
		68C123811547BD3100150EF2 /* ShellScript */ = {
			isa = PBXShellScriptBuildPhase;
			buildActionMask = 2147483647;
			files = (
			);
			inputPaths = (
			);
			outputPaths = (
			);
			runOnlyForDeploymentPostprocessing = 0;
			shellPath = /bin/sh;
			shellScript = "# Run the unit tests in this test bundle.\n\"${SYSTEM_DEVELOPER_DIR}/Tools/RunUnitTests\"\n";
		};
/* End PBXShellScriptBuildPhase section */

/* Begin PBXSourcesBuildPhase section */
		68C123531547BD3100150EF2 /* Sources */ = {
			isa = PBXSourcesBuildPhase;
			buildActionMask = 2147483647;
			files = (
				68C1236A1547BD3100150EF2 /* main.m in Sources */,
				68C1236E1547BD3100150EF2 /* A3AppDelegate.m in Sources */,
				68C1237A1547BD3100150EF2 /* A3MainViewController.m in Sources */,
				68E79A87156A69AC001BED0C /* CoolButton.m in Sources */,
				68E79A8A156A6EC1001BED0E /* A3BundleDataController.m in Sources */,
				68E79A8A156A6EC1001BED11 /* (null) in Sources */,
				68E79A8A156A6EC1001BED14 /* (null) in Sources */,
				68E79A8A156A6EC1001BED17 /* (null) in Sources */,
				68E79A8A156A6EC1001BED1A /* (null) in Sources */,
				68E79A8A156A6EC1001BED1D /* (null) in Sources */,
				68E79A8A156A6EC1001BED20 /* (null) in Sources */,
				68F91CE1157CB2DF00BB373D /* MenuGroup.m in Sources */,
				68F91CE6157CB30F00BB373D /* MenuItem.m in Sources */,
				689FF9CC15859D3C004A3CD4 /* A3Utilities.m in Sources */,
				689FF9CF1586048D004A3CD4 /* A3RowSeparatorView.m in Sources */,
				681FE39D15873A8800B752C9 /* A3iPadBatteryLifeViewController.m in Sources */,
				687401B01589BCF9002B2C92 /* AppBoxPro2.xcdatamodeld in Sources */,
				68A1533715904670007E1D8B /* A3SearchIPADViewController.m in Sources */,
				6836D416159EB1A700F46394 /* A3CalculatorViewController.m in Sources */,
			);
			runOnlyForDeploymentPostprocessing = 0;
		};
		68C1237E1547BD3100150EF2 /* Sources */ = {
			isa = PBXSourcesBuildPhase;
			buildActionMask = 2147483647;
			files = (
				68C123931547BD3100150EF2 /* AppBoxPro2Tests.m in Sources */,
			);
			runOnlyForDeploymentPostprocessing = 0;
		};
/* End PBXSourcesBuildPhase section */

/* Begin PBXTargetDependency section */
		680478FC1591BBD4000DFB84 /* PBXTargetDependency */ = {
			isa = PBXTargetDependency;
			name = FRLayeredNavigationController;
			targetProxy = 680478FB1591BBD4000DFB84 /* PBXContainerItemProxy */;
		};
		68C1238A1547BD3100150EF2 /* PBXTargetDependency */ = {
			isa = PBXTargetDependency;
			target = 68C123561547BD3100150EF2 /* AppBoxPro2 */;
			targetProxy = 68C123891547BD3100150EF2 /* PBXContainerItemProxy */;
		};
/* End PBXTargetDependency section */

/* Begin PBXVariantGroup section */
		68C123661547BD3100150EF2 /* InfoPlist.strings */ = {
			isa = PBXVariantGroup;
			children = (
				68C123671547BD3100150EF2 /* en */,
			);
			name = InfoPlist.strings;
			sourceTree = "<group>";
		};
		68C1236F1547BD3100150EF2 /* MainStoryboard_iPhone.storyboard */ = {
			isa = PBXVariantGroup;
			children = (
				68C123701547BD3100150EF2 /* en */,
			);
			name = MainStoryboard_iPhone.storyboard;
			sourceTree = "<group>";
		};
		68C123721547BD3100150EF2 /* MainStoryboard_iPad.storyboard */ = {
			isa = PBXVariantGroup;
			children = (
				68C123731547BD3100150EF2 /* en */,
			);
			name = MainStoryboard_iPad.storyboard;
			sourceTree = "<group>";
		};
		68C1238E1547BD3100150EF2 /* InfoPlist.strings */ = {
			isa = PBXVariantGroup;
			children = (
				68C1238F1547BD3100150EF2 /* en */,
			);
			name = InfoPlist.strings;
			sourceTree = "<group>";
		};
/* End PBXVariantGroup section */

/* Begin XCBuildConfiguration section */
		68C123941547BD3100150EF2 /* Debug */ = {
			isa = XCBuildConfiguration;
			buildSettings = {
				ALWAYS_SEARCH_USER_PATHS = NO;
				ARCHS = "$(ARCHS_STANDARD_32_BIT)";
				CLANG_ENABLE_OBJC_ARC = YES;
				"CODE_SIGN_IDENTITY[sdk=iphoneos*]" = "iPhone Developer";
				COPY_PHASE_STRIP = NO;
				GCC_C_LANGUAGE_STANDARD = gnu99;
				GCC_DYNAMIC_NO_PIC = NO;
				GCC_OPTIMIZATION_LEVEL = 0;
				GCC_PREPROCESSOR_DEFINITIONS = (
					"DEBUG=1",
					"$(inherited)",
				);
				GCC_SYMBOLS_PRIVATE_EXTERN = NO;
				GCC_VERSION = com.apple.compilers.llvm.clang.1_0;
				GCC_WARN_ABOUT_RETURN_TYPE = YES;
				GCC_WARN_UNINITIALIZED_AUTOS = YES;
				GCC_WARN_UNUSED_VARIABLE = YES;
				HEADER_SEARCH_PATHS = ../FRLayeredNavigationController/FRLayeredNavigationController/;
				IPHONEOS_DEPLOYMENT_TARGET = 5.1;
				OTHER_LDFLAGS = (
					"-ObjC",
					"-fobj-arc",
					"-all-load",
				);
				SDKROOT = iphoneos;
				TARGETED_DEVICE_FAMILY = "1,2";
			};
			name = Debug;
		};
		68C123951547BD3100150EF2 /* Release */ = {
			isa = XCBuildConfiguration;
			buildSettings = {
				ALWAYS_SEARCH_USER_PATHS = NO;
				ARCHS = "$(ARCHS_STANDARD_32_BIT)";
				CLANG_ENABLE_OBJC_ARC = YES;
				"CODE_SIGN_IDENTITY[sdk=iphoneos*]" = "iPhone Developer";
				COPY_PHASE_STRIP = YES;
				GCC_C_LANGUAGE_STANDARD = gnu99;
				GCC_VERSION = com.apple.compilers.llvm.clang.1_0;
				GCC_WARN_ABOUT_RETURN_TYPE = YES;
				GCC_WARN_UNINITIALIZED_AUTOS = YES;
				GCC_WARN_UNUSED_VARIABLE = YES;
				HEADER_SEARCH_PATHS = ../FRLayeredNavigationController/FRLayeredNavigationController/;
				IPHONEOS_DEPLOYMENT_TARGET = 5.1;
				OTHER_CFLAGS = "-DNS_BLOCK_ASSERTIONS=1";
				OTHER_LDFLAGS = (
					"-ObjC",
					"-fobj-arc",
					"-all-load",
				);
				SDKROOT = iphoneos;
				TARGETED_DEVICE_FAMILY = "1,2";
				VALIDATE_PRODUCT = YES;
			};
			name = Release;
		};
		68C123971547BD3100150EF2 /* Debug */ = {
			isa = XCBuildConfiguration;
			buildSettings = {
				GCC_PRECOMPILE_PREFIX_HEADER = YES;
				GCC_PREFIX_HEADER = "AppBoxPro2/AppBoxPro2-Prefix.pch";
				INFOPLIST_FILE = "AppBoxPro2/AppBoxPro2-Info.plist";
				OTHER_LDFLAGS = (
					"-ObjC",
					"-fobj-arc",
					"-all_load",
				);
				PRODUCT_NAME = "$(TARGET_NAME)";
				USER_HEADER_SEARCH_PATHS = "\"${PROJECT_DIR}/../FRLayeredNavigationController/**";
				WRAPPER_EXTENSION = app;
			};
			name = Debug;
		};
		68C123981547BD3100150EF2 /* Release */ = {
			isa = XCBuildConfiguration;
			buildSettings = {
				GCC_PRECOMPILE_PREFIX_HEADER = YES;
				GCC_PREFIX_HEADER = "AppBoxPro2/AppBoxPro2-Prefix.pch";
				INFOPLIST_FILE = "AppBoxPro2/AppBoxPro2-Info.plist";
				OTHER_LDFLAGS = (
					"-ObjC",
					"-fobj-arc",
					"-all_load",
				);
				PRODUCT_NAME = "$(TARGET_NAME)";
				USER_HEADER_SEARCH_PATHS = "\"${PROJECT_DIR}/../FRLayeredNavigationController/**";
				WRAPPER_EXTENSION = app;
			};
			name = Release;
		};
		68C1239A1547BD3100150EF2 /* Debug */ = {
			isa = XCBuildConfiguration;
			buildSettings = {
				BUNDLE_LOADER = "$(BUILT_PRODUCTS_DIR)/AppBoxPro2.app/AppBoxPro2";
				FRAMEWORK_SEARCH_PATHS = (
					"$(SDKROOT)/Developer/Library/Frameworks",
					"$(DEVELOPER_LIBRARY_DIR)/Frameworks",
				);
				GCC_PRECOMPILE_PREFIX_HEADER = YES;
				GCC_PREFIX_HEADER = "AppBoxPro2/AppBoxPro2-Prefix.pch";
				INFOPLIST_FILE = "AppBoxPro2Tests/AppBoxPro2Tests-Info.plist";
				PRODUCT_NAME = "$(TARGET_NAME)";
				TEST_HOST = "$(BUNDLE_LOADER)";
				WRAPPER_EXTENSION = octest;
			};
			name = Debug;
		};
		68C1239B1547BD3100150EF2 /* Release */ = {
			isa = XCBuildConfiguration;
			buildSettings = {
				BUNDLE_LOADER = "$(BUILT_PRODUCTS_DIR)/AppBoxPro2.app/AppBoxPro2";
				FRAMEWORK_SEARCH_PATHS = (
					"$(SDKROOT)/Developer/Library/Frameworks",
					"$(DEVELOPER_LIBRARY_DIR)/Frameworks",
				);
				GCC_PRECOMPILE_PREFIX_HEADER = YES;
				GCC_PREFIX_HEADER = "AppBoxPro2/AppBoxPro2-Prefix.pch";
				INFOPLIST_FILE = "AppBoxPro2Tests/AppBoxPro2Tests-Info.plist";
				PRODUCT_NAME = "$(TARGET_NAME)";
				TEST_HOST = "$(BUNDLE_LOADER)";
				WRAPPER_EXTENSION = octest;
			};
			name = Release;
		};
/* End XCBuildConfiguration section */

/* Begin XCConfigurationList section */
		68C123511547BD3100150EF2 /* Build configuration list for PBXProject "AppBoxPro2" */ = {
			isa = XCConfigurationList;
			buildConfigurations = (
				68C123941547BD3100150EF2 /* Debug */,
				68C123951547BD3100150EF2 /* Release */,
			);
			defaultConfigurationIsVisible = 0;
			defaultConfigurationName = Release;
		};
		68C123961547BD3100150EF2 /* Build configuration list for PBXNativeTarget "AppBoxPro2" */ = {
			isa = XCConfigurationList;
			buildConfigurations = (
				68C123971547BD3100150EF2 /* Debug */,
				68C123981547BD3100150EF2 /* Release */,
			);
			defaultConfigurationIsVisible = 0;
			defaultConfigurationName = Release;
		};
		68C123991547BD3100150EF2 /* Build configuration list for PBXNativeTarget "AppBoxPro2Tests" */ = {
			isa = XCConfigurationList;
			buildConfigurations = (
				68C1239A1547BD3100150EF2 /* Debug */,
				68C1239B1547BD3100150EF2 /* Release */,
			);
			defaultConfigurationIsVisible = 0;
			defaultConfigurationName = Release;
		};
/* End XCConfigurationList section */

/* Begin XCVersionGroup section */
		687401AE1589BCF9002B2C92 /* AppBoxPro2.xcdatamodeld */ = {
			isa = XCVersionGroup;
			children = (
				687401AF1589BCF9002B2C92 /* AppBoxPro2.xcdatamodel */,
			);
			currentVersion = 687401AF1589BCF9002B2C92 /* AppBoxPro2.xcdatamodel */;
			path = AppBoxPro2.xcdatamodeld;
			sourceTree = "<group>";
			versionGroupType = wrapper.xcdatamodel;
		};
/* End XCVersionGroup section */
	};
	rootObject = 68C1234E1547BD3100150EF2 /* Project object */;
}
